// !$*UTF8*$!
{
	archiveVersion = 1;
	classes = {
	};
	objectVersion = 50;
	objects = {

/* Begin PBXBuildFile section */
		382056BE24771E7C000EEC43 /* AppDelegate.swift in Sources */ = {isa = PBXBuildFile; fileRef = 382056BD24771E7C000EEC43 /* AppDelegate.swift */; };
		382056C024771E7C000EEC43 /* SceneDelegate.swift in Sources */ = {isa = PBXBuildFile; fileRef = 382056BF24771E7C000EEC43 /* SceneDelegate.swift */; };
		382056C224771E7C000EEC43 /* ViewController.swift in Sources */ = {isa = PBXBuildFile; fileRef = 382056C124771E7C000EEC43 /* ViewController.swift */; };
		382056C524771E7C000EEC43 /* Main.storyboard in Resources */ = {isa = PBXBuildFile; fileRef = 382056C324771E7C000EEC43 /* Main.storyboard */; };
		382056C724771E8D000EEC43 /* Assets.xcassets in Resources */ = {isa = PBXBuildFile; fileRef = 382056C624771E8D000EEC43 /* Assets.xcassets */; };
		382056CA24771E8D000EEC43 /* LaunchScreen.storyboard in Resources */ = {isa = PBXBuildFile; fileRef = 382056C824771E8D000EEC43 /* LaunchScreen.storyboard */; };
		382056D2247721C9000EEC43 /* Photo.swift in Sources */ = {isa = PBXBuildFile; fileRef = 382056D1247721C9000EEC43 /* Photo.swift */; };
		382056D82477276B000EEC43 /* PhotoController.swift in Sources */ = {isa = PBXBuildFile; fileRef = 382056D72477276A000EEC43 /* PhotoController.swift */; };
		382056DD24775158000EEC43 /* ThemeHelper.swift in Sources */ = {isa = PBXBuildFile; fileRef = 382056DC24775158000EEC43 /* ThemeHelper.swift */; };
/* End PBXBuildFile section */

/* Begin PBXFileReference section */
		382056BA24771E7C000EEC43 /* Photo App.app */ = {isa = PBXFileReference; explicitFileType = wrapper.application; includeInIndex = 0; path = "Photo App.app"; sourceTree = BUILT_PRODUCTS_DIR; };
		382056BD24771E7C000EEC43 /* AppDelegate.swift */ = {isa = PBXFileReference; lastKnownFileType = sourcecode.swift; path = AppDelegate.swift; sourceTree = "<group>"; };
		382056BF24771E7C000EEC43 /* SceneDelegate.swift */ = {isa = PBXFileReference; lastKnownFileType = sourcecode.swift; path = SceneDelegate.swift; sourceTree = "<group>"; };
		382056C124771E7C000EEC43 /* ViewController.swift */ = {isa = PBXFileReference; lastKnownFileType = sourcecode.swift; path = ViewController.swift; sourceTree = "<group>"; };
		382056C424771E7C000EEC43 /* Base */ = {isa = PBXFileReference; lastKnownFileType = file.storyboard; name = Base; path = Base.lproj/Main.storyboard; sourceTree = "<group>"; };
		382056C624771E8D000EEC43 /* Assets.xcassets */ = {isa = PBXFileReference; lastKnownFileType = folder.assetcatalog; path = Assets.xcassets; sourceTree = "<group>"; };
		382056C924771E8D000EEC43 /* Base */ = {isa = PBXFileReference; lastKnownFileType = file.storyboard; name = Base; path = Base.lproj/LaunchScreen.storyboard; sourceTree = "<group>"; };
		382056CB24771E8D000EEC43 /* Info.plist */ = {isa = PBXFileReference; lastKnownFileType = text.plist.xml; path = Info.plist; sourceTree = "<group>"; };
		382056D1247721C9000EEC43 /* Photo.swift */ = {isa = PBXFileReference; lastKnownFileType = sourcecode.swift; path = Photo.swift; sourceTree = "<group>"; };
		382056D72477276A000EEC43 /* PhotoController.swift */ = {isa = PBXFileReference; lastKnownFileType = sourcecode.swift; path = PhotoController.swift; sourceTree = "<group>"; };
		382056DC24775158000EEC43 /* ThemeHelper.swift */ = {isa = PBXFileReference; lastKnownFileType = sourcecode.swift; path = ThemeHelper.swift; sourceTree = "<group>"; };
/* End PBXFileReference section */

/* Begin PBXFrameworksBuildPhase section */
		382056B724771E7C000EEC43 /* Frameworks */ = {
			isa = PBXFrameworksBuildPhase;
			buildActionMask = 2147483647;
			files = (
			);
			runOnlyForDeploymentPostprocessing = 0;
		};
/* End PBXFrameworksBuildPhase section */

/* Begin PBXGroup section */
		382056B124771E7C000EEC43 = {
			isa = PBXGroup;
			children = (
				382056BC24771E7C000EEC43 /* Photo App */,
				382056BB24771E7C000EEC43 /* Products */,
			);
			sourceTree = "<group>";
		};
		382056BB24771E7C000EEC43 /* Products */ = {
			isa = PBXGroup;
			children = (
				382056BA24771E7C000EEC43 /* Photo App.app */,
			);
			name = Products;
			sourceTree = "<group>";
		};
		382056BC24771E7C000EEC43 /* Photo App */ = {
			isa = PBXGroup;
			children = (
				382056D3247721D5000EEC43 /* Model */,
				382056D4247724A4000EEC43 /* View */,
				382056D5247724B3000EEC43 /* Controller */,
				382056DE24775F91000EEC43 /* Helper */,
				382056D6247724BC000EEC43 /* Resources */,
				382056CB24771E8D000EEC43 /* Info.plist */,
			);
			path = "Photo App";
			sourceTree = "<group>";
		};
		382056D3247721D5000EEC43 /* Model */ = {
			isa = PBXGroup;
			children = (
				382056D1247721C9000EEC43 /* Photo.swift */,
				382056D72477276A000EEC43 /* PhotoController.swift */,
			);
			path = Model;
			sourceTree = "<group>";
		};
		382056D4247724A4000EEC43 /* View */ = {
			isa = PBXGroup;
			children = (
				382056C324771E7C000EEC43 /* Main.storyboard */,
				382056C824771E8D000EEC43 /* LaunchScreen.storyboard */,
			);
			path = View;
			sourceTree = "<group>";
		};
		382056D5247724B3000EEC43 /* Controller */ = {
			isa = PBXGroup;
			children = (
				382056C124771E7C000EEC43 /* ViewController.swift */,
			);
			path = Controller;
			sourceTree = "<group>";
		};
		382056D6247724BC000EEC43 /* Resources */ = {
			isa = PBXGroup;
			children = (
				382056BD24771E7C000EEC43 /* AppDelegate.swift */,
				382056BF24771E7C000EEC43 /* SceneDelegate.swift */,
				382056C624771E8D000EEC43 /* Assets.xcassets */,
			);
			path = Resources;
			sourceTree = "<group>";
		};
		382056DE24775F91000EEC43 /* Helper */ = {
			isa = PBXGroup;
			children = (
				382056DC24775158000EEC43 /* ThemeHelper.swift */,
			);
			path = Helper;
			sourceTree = "<group>";
		};
/* End PBXGroup section */

/* Begin PBXNativeTarget section */
		382056B924771E7C000EEC43 /* Photo App */ = {
			isa = PBXNativeTarget;
			buildConfigurationList = 382056CE24771E8D000EEC43 /* Build configuration list for PBXNativeTarget "Photo App" */;
			buildPhases = (
				382056B624771E7C000EEC43 /* Sources */,
				382056B724771E7C000EEC43 /* Frameworks */,
				382056B824771E7C000EEC43 /* Resources */,
			);
			buildRules = (
			);
			dependencies = (
			);
			name = "Photo App";
			productName = "Photo App";
			productReference = 382056BA24771E7C000EEC43 /* Photo App.app */;
			productType = "com.apple.product-type.application";
		};
/* End PBXNativeTarget section */

/* Begin PBXProject section */
		382056B224771E7C000EEC43 /* Project object */ = {
			isa = PBXProject;
			attributes = {
				LastSwiftUpdateCheck = 1150;
				LastUpgradeCheck = 1150;
				ORGANIZATIONNAME = "Jason Hoover";
				TargetAttributes = {
					382056B924771E7C000EEC43 = {
						CreatedOnToolsVersion = 11.5;
					};
				};
			};
			buildConfigurationList = 382056B524771E7C000EEC43 /* Build configuration list for PBXProject "Photo App" */;
			compatibilityVersion = "Xcode 9.3";
			developmentRegion = en;
			hasScannedForEncodings = 0;
			knownRegions = (
				en,
				Base,
			);
			mainGroup = 382056B124771E7C000EEC43;
			productRefGroup = 382056BB24771E7C000EEC43 /* Products */;
			projectDirPath = "";
			projectRoot = "";
			targets = (
				382056B924771E7C000EEC43 /* Photo App */,
			);
		};
/* End PBXProject section */

/* Begin PBXResourcesBuildPhase section */
		382056B824771E7C000EEC43 /* Resources */ = {
			isa = PBXResourcesBuildPhase;
			buildActionMask = 2147483647;
			files = (
				382056CA24771E8D000EEC43 /* LaunchScreen.storyboard in Resources */,
				382056C724771E8D000EEC43 /* Assets.xcassets in Resources */,
				382056C524771E7C000EEC43 /* Main.storyboard in Resources */,
			);
			runOnlyForDeploymentPostprocessing = 0;
		};
/* End PBXResourcesBuildPhase section */

/* Begin PBXSourcesBuildPhase section */
		382056B624771E7C000EEC43 /* Sources */ = {
			isa = PBXSourcesBuildPhase;
			buildActionMask = 2147483647;
			files = (
				382056DD24775158000EEC43 /* ThemeHelper.swift in Sources */,
				382056D82477276B000EEC43 /* PhotoController.swift in Sources */,
				382056D2247721C9000EEC43 /* Photo.swift in Sources */,
				382056C224771E7C000EEC43 /* ViewController.swift in Sources */,
				382056BE24771E7C000EEC43 /* AppDelegate.swift in Sources */,
				382056C024771E7C000EEC43 /* SceneDelegate.swift in Sources */,
			);
			runOnlyForDeploymentPostprocessing = 0;
		};
/* End PBXSourcesBuildPhase section */

/* Begin PBXVariantGroup section */
		382056C324771E7C000EEC43 /* Main.storyboard */ = {
			isa = PBXVariantGroup;
			children = (
				382056C424771E7C000EEC43 /* Base */,
			);
			name = Main.storyboard;
			sourceTree = "<group>";
		};
		382056C824771E8D000EEC43 /* LaunchScreen.storyboard */ = {
			isa = PBXVariantGroup;
			children = (
				382056C924771E8D000EEC43 /* Base */,
			);
			name = LaunchScreen.storyboard;
			sourceTree = "<group>";
		};
/* End PBXVariantGroup section */

/* Begin XCBuildConfiguration section */
		382056CC24771E8D000EEC43 /* Debug */ = {
			isa = XCBuildConfiguration;
			buildSettings = {
				ALWAYS_SEARCH_USER_PATHS = NO;
				CLANG_ANALYZER_NONNULL = YES;
				CLANG_ANALYZER_NUMBER_OBJECT_CONVERSION = YES_AGGRESSIVE;
				CLANG_CXX_LANGUAGE_STANDARD = "gnu++14";
				CLANG_CXX_LIBRARY = "libc++";
				CLANG_ENABLE_MODULES = YES;
				CLANG_ENABLE_OBJC_ARC = YES;
				CLANG_ENABLE_OBJC_WEAK = YES;
				CLANG_WARN_BLOCK_CAPTURE_AUTORELEASING = YES;
				CLANG_WARN_BOOL_CONVERSION = YES;
				CLANG_WARN_COMMA = YES;
				CLANG_WARN_CONSTANT_CONVERSION = YES;
				CLANG_WARN_DEPRECATED_OBJC_IMPLEMENTATIONS = YES;
				CLANG_WARN_DIRECT_OBJC_ISA_USAGE = YES_ERROR;
				CLANG_WARN_DOCUMENTATION_COMMENTS = YES;
				CLANG_WARN_EMPTY_BODY = YES;
				CLANG_WARN_ENUM_CONVERSION = YES;
				CLANG_WARN_INFINITE_RECURSION = YES;
				CLANG_WARN_INT_CONVERSION = YES;
				CLANG_WARN_NON_LITERAL_NULL_CONVERSION = YES;
				CLANG_WARN_OBJC_IMPLICIT_RETAIN_SELF = YES;
				CLANG_WARN_OBJC_LITERAL_CONVERSION = YES;
				CLANG_WARN_OBJC_ROOT_CLASS = YES_ERROR;
				CLANG_WARN_RANGE_LOOP_ANALYSIS = YES;
				CLANG_WARN_STRICT_PROTOTYPES = YES;
				CLANG_WARN_SUSPICIOUS_MOVE = YES;
				CLANG_WARN_UNGUARDED_AVAILABILITY = YES_AGGRESSIVE;
				CLANG_WARN_UNREACHABLE_CODE = YES;
				CLANG_WARN__DUPLICATE_METHOD_MATCH = YES;
				COPY_PHASE_STRIP = NO;
				DEBUG_INFORMATION_FORMAT = dwarf;
				ENABLE_STRICT_OBJC_MSGSEND = YES;
				ENABLE_TESTABILITY = YES;
				GCC_C_LANGUAGE_STANDARD = gnu11;
				GCC_DYNAMIC_NO_PIC = NO;
				GCC_NO_COMMON_BLOCKS = YES;
				GCC_OPTIMIZATION_LEVEL = 0;
				GCC_PREPROCESSOR_DEFINITIONS = (
					"DEBUG=1",
					"$(inherited)",
				);
				GCC_WARN_64_TO_32_BIT_CONVERSION = YES;
				GCC_WARN_ABOUT_RETURN_TYPE = YES_ERROR;
				GCC_WARN_UNDECLARED_SELECTOR = YES;
				GCC_WARN_UNINITIALIZED_AUTOS = YES_AGGRESSIVE;
				GCC_WARN_UNUSED_FUNCTION = YES;
				GCC_WARN_UNUSED_VARIABLE = YES;
				IPHONEOS_DEPLOYMENT_TARGET = 13.5;
				MTL_ENABLE_DEBUG_INFO = INCLUDE_SOURCE;
				MTL_FAST_MATH = YES;
				ONLY_ACTIVE_ARCH = YES;
				SDKROOT = iphoneos;
				SWIFT_ACTIVE_COMPILATION_CONDITIONS = DEBUG;
				SWIFT_OPTIMIZATION_LEVEL = "-Onone";
			};
			name = Debug;
		};
		382056CD24771E8D000EEC43 /* Release */ = {
			isa = XCBuildConfiguration;
			buildSettings = {
				ALWAYS_SEARCH_USER_PATHS = NO;
				CLANG_ANALYZER_NONNULL = YES;
				CLANG_ANALYZER_NUMBER_OBJECT_CONVERSION = YES_AGGRESSIVE;
				CLANG_CXX_LANGUAGE_STANDARD = "gnu++14";
				CLANG_CXX_LIBRARY = "libc++";
				CLANG_ENABLE_MODULES = YES;
				CLANG_ENABLE_OBJC_ARC = YES;
				CLANG_ENABLE_OBJC_WEAK = YES;
				CLANG_WARN_BLOCK_CAPTURE_AUTORELEASING = YES;
				CLANG_WARN_BOOL_CONVERSION = YES;
				CLANG_WARN_COMMA = YES;
				CLANG_WARN_CONSTANT_CONVERSION = YES;
				CLANG_WARN_DEPRECATED_OBJC_IMPLEMENTATIONS = YES;
				CLANG_WARN_DIRECT_OBJC_ISA_USAGE = YES_ERROR;
				CLANG_WARN_DOCUMENTATION_COMMENTS = YES;
				CLANG_WARN_EMPTY_BODY = YES;
				CLANG_WARN_ENUM_CONVERSION = YES;
				CLANG_WARN_INFINITE_RECURSION = YES;
				CLANG_WARN_INT_CONVERSION = YES;
				CLANG_WARN_NON_LITERAL_NULL_CONVERSION = YES;
				CLANG_WARN_OBJC_IMPLICIT_RETAIN_SELF = YES;
				CLANG_WARN_OBJC_LITERAL_CONVERSION = YES;
				CLANG_WARN_OBJC_ROOT_CLASS = YES_ERROR;
				CLANG_WARN_RANGE_LOOP_ANALYSIS = YES;
				CLANG_WARN_STRICT_PROTOTYPES = YES;
				CLANG_WARN_SUSPICIOUS_MOVE = YES;
				CLANG_WARN_UNGUARDED_AVAILABILITY = YES_AGGRESSIVE;
				CLANG_WARN_UNREACHABLE_CODE = YES;
				CLANG_WARN__DUPLICATE_METHOD_MATCH = YES;
				COPY_PHASE_STRIP = NO;
				DEBUG_INFORMATION_FORMAT = "dwarf-with-dsym";
				ENABLE_NS_ASSERTIONS = NO;
				ENABLE_STRICT_OBJC_MSGSEND = YES;
				GCC_C_LANGUAGE_STANDARD = gnu11;
				GCC_NO_COMMON_BLOCKS = YES;
				GCC_WARN_64_TO_32_BIT_CONVERSION = YES;
				GCC_WARN_ABOUT_RETURN_TYPE = YES_ERROR;
				GCC_WARN_UNDECLARED_SELECTOR = YES;
				GCC_WARN_UNINITIALIZED_AUTOS = YES_AGGRESSIVE;
				GCC_WARN_UNUSED_FUNCTION = YES;
				GCC_WARN_UNUSED_VARIABLE = YES;
				IPHONEOS_DEPLOYMENT_TARGET = 13.5;
				MTL_ENABLE_DEBUG_INFO = NO;
				MTL_FAST_MATH = YES;
				SDKROOT = iphoneos;
				SWIFT_COMPILATION_MODE = wholemodule;
				SWIFT_OPTIMIZATION_LEVEL = "-O";
				VALIDATE_PRODUCT = YES;
			};
			name = Release;
		};
		382056CF24771E8D000EEC43 /* Debug */ = {
			isa = XCBuildConfiguration;
			buildSettings = {
				ASSETCATALOG_COMPILER_APPICON_NAME = AppIcon;
				CODE_SIGN_STYLE = Automatic;
				DEVELOPMENT_TEAM = W33T39N23M;
				INFOPLIST_FILE = "Photo App/Info.plist";
				LD_RUNPATH_SEARCH_PATHS = (
					"$(inherited)",
					"@executable_path/Frameworks",
				);
				PRODUCT_BUNDLE_IDENTIFIER = "com.JasonMHoover.Photo-App";
				PRODUCT_NAME = "$(TARGET_NAME)";
				SWIFT_VERSION = 5.0;
				TARGETED_DEVICE_FAMILY = "1,2";
			};
			name = Debug;
		};
		382056D024771E8D000EEC43 /* Release */ = {
			isa = XCBuildConfiguration;
			buildSettings = {
				ASSETCATALOG_COMPILER_APPICON_NAME = AppIcon;
				CODE_SIGN_STYLE = Automatic;
				DEVELOPMENT_TEAM = W33T39N23M;
				INFOPLIST_FILE = "Photo App/Info.plist";
				LD_RUNPATH_SEARCH_PATHS = (
					"$(inherited)",
					"@executable_path/Frameworks",
				);
				PRODUCT_BUNDLE_IDENTIFIER = "com.JasonMHoover.Photo-App";
				PRODUCT_NAME = "$(TARGET_NAME)";
				SWIFT_VERSION = 5.0;
				TARGETED_DEVICE_FAMILY = "1,2";
			};
			name = Release;
		};
/* End XCBuildConfiguration section */

/* Begin XCConfigurationList section */
		382056B524771E7C000EEC43 /* Build configuration list for PBXProject "Photo App" */ = {
			isa = XCConfigurationList;
			buildConfigurations = (
				382056CC24771E8D000EEC43 /* Debug */,
				382056CD24771E8D000EEC43 /* Release */,
			);
			defaultConfigurationIsVisible = 0;
			defaultConfigurationName = Release;
		};
		382056CE24771E8D000EEC43 /* Build configuration list for PBXNativeTarget "Photo App" */ = {
			isa = XCConfigurationList;
			buildConfigurations = (
				382056CF24771E8D000EEC43 /* Debug */,
				382056D024771E8D000EEC43 /* Release */,
			);
			defaultConfigurationIsVisible = 0;
			defaultConfigurationName = Release;
		};
/* End XCConfigurationList section */
	};
	rootObject = 382056B224771E7C000EEC43 /* Project object */;
}
