// !$*UTF8*$!
{
	archiveVersion = 1;
	classes = {
	};
	objectVersion = 50;
	objects = {

/* Begin PBXBuildFile section */
		3821B3B123FE63A20011B0DA /* AppDelegate.swift in Sources */ = {isa = PBXBuildFile; fileRef = 3821B3B023FE63A20011B0DA /* AppDelegate.swift */; };
		3821B3B323FE63A20011B0DA /* SceneDelegate.swift in Sources */ = {isa = PBXBuildFile; fileRef = 3821B3B223FE63A20011B0DA /* SceneDelegate.swift */; };
		3821B3B823FE63A20011B0DA /* Main.storyboard in Resources */ = {isa = PBXBuildFile; fileRef = 3821B3B623FE63A20011B0DA /* Main.storyboard */; };
		3821B3BA23FE63A50011B0DA /* Assets.xcassets in Resources */ = {isa = PBXBuildFile; fileRef = 3821B3B923FE63A50011B0DA /* Assets.xcassets */; };
		3821B3BD23FE63A50011B0DA /* LaunchScreen.storyboard in Resources */ = {isa = PBXBuildFile; fileRef = 3821B3BB23FE63A50011B0DA /* LaunchScreen.storyboard */; };
		3821B3C523FE63E70011B0DA /* Photo.swift in Sources */ = {isa = PBXBuildFile; fileRef = 3821B3C423FE63E70011B0DA /* Photo.swift */; };
		3821B3C923FE64350011B0DA /* PhotoController.swift in Sources */ = {isa = PBXBuildFile; fileRef = 3821B3C823FE64350011B0DA /* PhotoController.swift */; };
		3821B3CB23FE648F0011B0DA /* ThemeHelper.swift in Sources */ = {isa = PBXBuildFile; fileRef = 3821B3CA23FE648F0011B0DA /* ThemeHelper.swift */; };
		3821B3CD23FE66A50011B0DA /* String+UserDefaults.swift in Sources */ = {isa = PBXBuildFile; fileRef = 3821B3CC23FE66A50011B0DA /* String+UserDefaults.swift */; };
		3821B3CF23FE68DE0011B0DA /* PhotosCollectionViewController.swift in Sources */ = {isa = PBXBuildFile; fileRef = 3821B3CE23FE68DE0011B0DA /* PhotosCollectionViewController.swift */; };
		3821B3D123FE6AA40011B0DA /* PhotosCollectionViewCell.swift in Sources */ = {isa = PBXBuildFile; fileRef = 3821B3D023FE6AA40011B0DA /* PhotosCollectionViewCell.swift */; };
		3821B3D423FE6CBD0011B0DA /* PhotoDetailViewController.swift in Sources */ = {isa = PBXBuildFile; fileRef = 3821B3D323FE6CBD0011B0DA /* PhotoDetailViewController.swift */; };
		388FF1A823FE704D00EA2095 /* ThemeSelectionViewController.swift in Sources */ = {isa = PBXBuildFile; fileRef = 388FF1A723FE704D00EA2095 /* ThemeSelectionViewController.swift */; };
		388FF1AD23FF315900EA2095 /* Photos.framework in Frameworks */ = {isa = PBXBuildFile; fileRef = 388FF1AC23FF315900EA2095 /* Photos.framework */; };
/* End PBXBuildFile section */

/* Begin PBXFileReference section */
		3821B3AD23FE63A20011B0DA /* PhotoIOSPT5.app */ = {isa = PBXFileReference; explicitFileType = wrapper.application; includeInIndex = 0; path = PhotoIOSPT5.app; sourceTree = BUILT_PRODUCTS_DIR; };
		3821B3B023FE63A20011B0DA /* AppDelegate.swift */ = {isa = PBXFileReference; lastKnownFileType = sourcecode.swift; path = AppDelegate.swift; sourceTree = "<group>"; };
		3821B3B223FE63A20011B0DA /* SceneDelegate.swift */ = {isa = PBXFileReference; lastKnownFileType = sourcecode.swift; path = SceneDelegate.swift; sourceTree = "<group>"; };
		3821B3B723FE63A20011B0DA /* Base */ = {isa = PBXFileReference; lastKnownFileType = file.storyboard; name = Base; path = Base.lproj/Main.storyboard; sourceTree = "<group>"; };
		3821B3B923FE63A50011B0DA /* Assets.xcassets */ = {isa = PBXFileReference; lastKnownFileType = folder.assetcatalog; path = Assets.xcassets; sourceTree = "<group>"; };
		3821B3BC23FE63A50011B0DA /* Base */ = {isa = PBXFileReference; lastKnownFileType = file.storyboard; name = Base; path = Base.lproj/LaunchScreen.storyboard; sourceTree = "<group>"; };
		3821B3BE23FE63A50011B0DA /* Info.plist */ = {isa = PBXFileReference; lastKnownFileType = text.plist.xml; path = Info.plist; sourceTree = "<group>"; };
		3821B3C423FE63E70011B0DA /* Photo.swift */ = {isa = PBXFileReference; lastKnownFileType = sourcecode.swift; path = Photo.swift; sourceTree = "<group>"; };
		3821B3C823FE64350011B0DA /* PhotoController.swift */ = {isa = PBXFileReference; lastKnownFileType = sourcecode.swift; path = PhotoController.swift; sourceTree = "<group>"; };
		3821B3CA23FE648F0011B0DA /* ThemeHelper.swift */ = {isa = PBXFileReference; lastKnownFileType = sourcecode.swift; path = ThemeHelper.swift; sourceTree = "<group>"; };
		3821B3CC23FE66A50011B0DA /* String+UserDefaults.swift */ = {isa = PBXFileReference; lastKnownFileType = sourcecode.swift; path = "String+UserDefaults.swift"; sourceTree = "<group>"; };
		3821B3CE23FE68DE0011B0DA /* PhotosCollectionViewController.swift */ = {isa = PBXFileReference; lastKnownFileType = sourcecode.swift; path = PhotosCollectionViewController.swift; sourceTree = "<group>"; };
		3821B3D023FE6AA40011B0DA /* PhotosCollectionViewCell.swift */ = {isa = PBXFileReference; lastKnownFileType = sourcecode.swift; path = PhotosCollectionViewCell.swift; sourceTree = "<group>"; };
		3821B3D323FE6CBD0011B0DA /* PhotoDetailViewController.swift */ = {isa = PBXFileReference; lastKnownFileType = sourcecode.swift; path = PhotoDetailViewController.swift; sourceTree = "<group>"; };
		388FF1A723FE704D00EA2095 /* ThemeSelectionViewController.swift */ = {isa = PBXFileReference; lastKnownFileType = sourcecode.swift; path = ThemeSelectionViewController.swift; sourceTree = "<group>"; };
		388FF1AC23FF315900EA2095 /* Photos.framework */ = {isa = PBXFileReference; lastKnownFileType = wrapper.framework; name = Photos.framework; path = System/Library/Frameworks/Photos.framework; sourceTree = SDKROOT; };
/* End PBXFileReference section */

/* Begin PBXFrameworksBuildPhase section */
		3821B3AA23FE63A20011B0DA /* Frameworks */ = {
			isa = PBXFrameworksBuildPhase;
			buildActionMask = 2147483647;
			files = (
				388FF1AD23FF315900EA2095 /* Photos.framework in Frameworks */,
			);
			runOnlyForDeploymentPostprocessing = 0;
		};
/* End PBXFrameworksBuildPhase section */

/* Begin PBXGroup section */
		3821B3A423FE63A20011B0DA = {
			isa = PBXGroup;
			children = (
				3821B3AF23FE63A20011B0DA /* PhotoIOSPT5 */,
				3821B3AE23FE63A20011B0DA /* Products */,
				388FF1AB23FF315900EA2095 /* Frameworks */,
			);
			sourceTree = "<group>";
		};
		3821B3AE23FE63A20011B0DA /* Products */ = {
			isa = PBXGroup;
			children = (
				3821B3AD23FE63A20011B0DA /* PhotoIOSPT5.app */,
			);
			name = Products;
			sourceTree = "<group>";
		};
		3821B3AF23FE63A20011B0DA /* PhotoIOSPT5 */ = {
			isa = PBXGroup;
			children = (
				388FF1A923FE7ACA00EA2095 /* View Controllers */,
				3821B3C623FE63EC0011B0DA /* Model */,
				3821B3C723FE64140011B0DA /* Model Controller */,
				3821B3D223FE6AAC0011B0DA /* Views */,
				388FF1AA23FE7AEA00EA2095 /* Resources */,
				3821B3B923FE63A50011B0DA /* Assets.xcassets */,
				3821B3BE23FE63A50011B0DA /* Info.plist */,
				3821B3CA23FE648F0011B0DA /* ThemeHelper.swift */,
				3821B3CC23FE66A50011B0DA /* String+UserDefaults.swift */,
			);
			path = PhotoIOSPT5;
			sourceTree = "<group>";
		};
		3821B3C623FE63EC0011B0DA /* Model */ = {
			isa = PBXGroup;
			children = (
				3821B3C423FE63E70011B0DA /* Photo.swift */,
			);
			path = Model;
			sourceTree = "<group>";
		};
		3821B3C723FE64140011B0DA /* Model Controller */ = {
			isa = PBXGroup;
			children = (
				3821B3C823FE64350011B0DA /* PhotoController.swift */,
			);
			path = "Model Controller";
			sourceTree = "<group>";
		};
		3821B3D223FE6AAC0011B0DA /* Views */ = {
			isa = PBXGroup;
			children = (
				3821B3D023FE6AA40011B0DA /* PhotosCollectionViewCell.swift */,
			);
			path = Views;
			sourceTree = "<group>";
		};
		388FF1A923FE7ACA00EA2095 /* View Controllers */ = {
			isa = PBXGroup;
			children = (
				3821B3CE23FE68DE0011B0DA /* PhotosCollectionViewController.swift */,
				3821B3D323FE6CBD0011B0DA /* PhotoDetailViewController.swift */,
				388FF1A723FE704D00EA2095 /* ThemeSelectionViewController.swift */,
			);
			path = "View Controllers";
			sourceTree = "<group>";
		};
		388FF1AA23FE7AEA00EA2095 /* Resources */ = {
			isa = PBXGroup;
			children = (
				3821B3B023FE63A20011B0DA /* AppDelegate.swift */,
				3821B3B223FE63A20011B0DA /* SceneDelegate.swift */,
				3821B3B623FE63A20011B0DA /* Main.storyboard */,
				3821B3BB23FE63A50011B0DA /* LaunchScreen.storyboard */,
			);
			path = Resources;
			sourceTree = "<group>";
		};
		388FF1AB23FF315900EA2095 /* Frameworks */ = {
			isa = PBXGroup;
			children = (
				388FF1AC23FF315900EA2095 /* Photos.framework */,
			);
			name = Frameworks;
			sourceTree = "<group>";
		};
/* End PBXGroup section */

/* Begin PBXNativeTarget section */
		3821B3AC23FE63A20011B0DA /* PhotoIOSPT5 */ = {
			isa = PBXNativeTarget;
			buildConfigurationList = 3821B3C123FE63A50011B0DA /* Build configuration list for PBXNativeTarget "PhotoIOSPT5" */;
			buildPhases = (
				3821B3A923FE63A20011B0DA /* Sources */,
				3821B3AA23FE63A20011B0DA /* Frameworks */,
				3821B3AB23FE63A20011B0DA /* Resources */,
			);
			buildRules = (
			);
			dependencies = (
			);
			name = PhotoIOSPT5;
			productName = PhotoIOSPT5;
			productReference = 3821B3AD23FE63A20011B0DA /* PhotoIOSPT5.app */;
			productType = "com.apple.product-type.application";
		};
/* End PBXNativeTarget section */

/* Begin PBXProject section */
		3821B3A523FE63A20011B0DA /* Project object */ = {
			isa = PBXProject;
			attributes = {
				LastSwiftUpdateCheck = 1130;
				LastUpgradeCheck = 1130;
				ORGANIZATIONNAME = "david williams";
				TargetAttributes = {
					3821B3AC23FE63A20011B0DA = {
						CreatedOnToolsVersion = 11.3;
					};
				};
			};
			buildConfigurationList = 3821B3A823FE63A20011B0DA /* Build configuration list for PBXProject "PhotoIOSPT5" */;
			compatibilityVersion = "Xcode 9.3";
			developmentRegion = en;
			hasScannedForEncodings = 0;
			knownRegions = (
				en,
				Base,
			);
			mainGroup = 3821B3A423FE63A20011B0DA;
			productRefGroup = 3821B3AE23FE63A20011B0DA /* Products */;
			projectDirPath = "";
			projectRoot = "";
			targets = (
				3821B3AC23FE63A20011B0DA /* PhotoIOSPT5 */,
			);
		};
/* End PBXProject section */

/* Begin PBXResourcesBuildPhase section */
		3821B3AB23FE63A20011B0DA /* Resources */ = {
			isa = PBXResourcesBuildPhase;
			buildActionMask = 2147483647;
			files = (
				3821B3BD23FE63A50011B0DA /* LaunchScreen.storyboard in Resources */,
				3821B3BA23FE63A50011B0DA /* Assets.xcassets in Resources */,
				3821B3B823FE63A20011B0DA /* Main.storyboard in Resources */,
			);
			runOnlyForDeploymentPostprocessing = 0;
		};
/* End PBXResourcesBuildPhase section */

/* Begin PBXSourcesBuildPhase section */
		3821B3A923FE63A20011B0DA /* Sources */ = {
			isa = PBXSourcesBuildPhase;
			buildActionMask = 2147483647;
			files = (
				3821B3C923FE64350011B0DA /* PhotoController.swift in Sources */,
				3821B3C523FE63E70011B0DA /* Photo.swift in Sources */,
				3821B3D123FE6AA40011B0DA /* PhotosCollectionViewCell.swift in Sources */,
				3821B3CD23FE66A50011B0DA /* String+UserDefaults.swift in Sources */,
				3821B3CB23FE648F0011B0DA /* ThemeHelper.swift in Sources */,
				3821B3B123FE63A20011B0DA /* AppDelegate.swift in Sources */,
				3821B3B323FE63A20011B0DA /* SceneDelegate.swift in Sources */,
				3821B3D423FE6CBD0011B0DA /* PhotoDetailViewController.swift in Sources */,
				3821B3CF23FE68DE0011B0DA /* PhotosCollectionViewController.swift in Sources */,
				388FF1A823FE704D00EA2095 /* ThemeSelectionViewController.swift in Sources */,
			);
			runOnlyForDeploymentPostprocessing = 0;
		};
/* End PBXSourcesBuildPhase section */

/* Begin PBXVariantGroup section */
		3821B3B623FE63A20011B0DA /* Main.storyboard */ = {
			isa = PBXVariantGroup;
			children = (
				3821B3B723FE63A20011B0DA /* Base */,
			);
			name = Main.storyboard;
			sourceTree = "<group>";
		};
		3821B3BB23FE63A50011B0DA /* LaunchScreen.storyboard */ = {
			isa = PBXVariantGroup;
			children = (
				3821B3BC23FE63A50011B0DA /* Base */,
			);
			name = LaunchScreen.storyboard;
			sourceTree = "<group>";
		};
/* End PBXVariantGroup section */

/* Begin XCBuildConfiguration section */
		3821B3BF23FE63A50011B0DA /* Debug */ = {
			isa = XCBuildConfiguration;
			buildSettings = {
				ALWAYS_SEARCH_USER_PATHS = NO;
				CLANG_ANALYZER_NONNULL = YES;
				CLANG_ANALYZER_NUMBER_OBJECT_CONVERSION = YES_AGGRESSIVE;
				CLANG_CXX_LANGUAGE_STANDARD = "gnu++14";
				CLANG_CXX_LIBRARY = "libc++";
				CLANG_ENABLE_MODULES = YES;
				CLANG_ENABLE_OBJC_ARC = YES;
				CLANG_ENABLE_OBJC_WEAK = YES;
				CLANG_WARN_BLOCK_CAPTURE_AUTORELEASING = YES;
				CLANG_WARN_BOOL_CONVERSION = YES;
				CLANG_WARN_COMMA = YES;
				CLANG_WARN_CONSTANT_CONVERSION = YES;
				CLANG_WARN_DEPRECATED_OBJC_IMPLEMENTATIONS = YES;
				CLANG_WARN_DIRECT_OBJC_ISA_USAGE = YES_ERROR;
				CLANG_WARN_DOCUMENTATION_COMMENTS = YES;
				CLANG_WARN_EMPTY_BODY = YES;
				CLANG_WARN_ENUM_CONVERSION = YES;
				CLANG_WARN_INFINITE_RECURSION = YES;
				CLANG_WARN_INT_CONVERSION = YES;
				CLANG_WARN_NON_LITERAL_NULL_CONVERSION = YES;
				CLANG_WARN_OBJC_IMPLICIT_RETAIN_SELF = YES;
				CLANG_WARN_OBJC_LITERAL_CONVERSION = YES;
				CLANG_WARN_OBJC_ROOT_CLASS = YES_ERROR;
				CLANG_WARN_RANGE_LOOP_ANALYSIS = YES;
				CLANG_WARN_STRICT_PROTOTYPES = YES;
				CLANG_WARN_SUSPICIOUS_MOVE = YES;
				CLANG_WARN_UNGUARDED_AVAILABILITY = YES_AGGRESSIVE;
				CLANG_WARN_UNREACHABLE_CODE = YES;
				CLANG_WARN__DUPLICATE_METHOD_MATCH = YES;
				COPY_PHASE_STRIP = NO;
				DEBUG_INFORMATION_FORMAT = dwarf;
				ENABLE_STRICT_OBJC_MSGSEND = YES;
				ENABLE_TESTABILITY = YES;
				GCC_C_LANGUAGE_STANDARD = gnu11;
				GCC_DYNAMIC_NO_PIC = NO;
				GCC_NO_COMMON_BLOCKS = YES;
				GCC_OPTIMIZATION_LEVEL = 0;
				GCC_PREPROCESSOR_DEFINITIONS = (
					"DEBUG=1",
					"$(inherited)",
				);
				GCC_WARN_64_TO_32_BIT_CONVERSION = YES;
				GCC_WARN_ABOUT_RETURN_TYPE = YES_ERROR;
				GCC_WARN_UNDECLARED_SELECTOR = YES;
				GCC_WARN_UNINITIALIZED_AUTOS = YES_AGGRESSIVE;
				GCC_WARN_UNUSED_FUNCTION = YES;
				GCC_WARN_UNUSED_VARIABLE = YES;
				IPHONEOS_DEPLOYMENT_TARGET = 13.2;
				MTL_ENABLE_DEBUG_INFO = INCLUDE_SOURCE;
				MTL_FAST_MATH = YES;
				ONLY_ACTIVE_ARCH = YES;
				SDKROOT = iphoneos;
				SWIFT_ACTIVE_COMPILATION_CONDITIONS = DEBUG;
				SWIFT_OPTIMIZATION_LEVEL = "-Onone";
			};
			name = Debug;
		};
		3821B3C023FE63A50011B0DA /* Release */ = {
			isa = XCBuildConfiguration;
			buildSettings = {
				ALWAYS_SEARCH_USER_PATHS = NO;
				CLANG_ANALYZER_NONNULL = YES;
				CLANG_ANALYZER_NUMBER_OBJECT_CONVERSION = YES_AGGRESSIVE;
				CLANG_CXX_LANGUAGE_STANDARD = "gnu++14";
				CLANG_CXX_LIBRARY = "libc++";
				CLANG_ENABLE_MODULES = YES;
				CLANG_ENABLE_OBJC_ARC = YES;
				CLANG_ENABLE_OBJC_WEAK = YES;
				CLANG_WARN_BLOCK_CAPTURE_AUTORELEASING = YES;
				CLANG_WARN_BOOL_CONVERSION = YES;
				CLANG_WARN_COMMA = YES;
				CLANG_WARN_CONSTANT_CONVERSION = YES;
				CLANG_WARN_DEPRECATED_OBJC_IMPLEMENTATIONS = YES;
				CLANG_WARN_DIRECT_OBJC_ISA_USAGE = YES_ERROR;
				CLANG_WARN_DOCUMENTATION_COMMENTS = YES;
				CLANG_WARN_EMPTY_BODY = YES;
				CLANG_WARN_ENUM_CONVERSION = YES;
				CLANG_WARN_INFINITE_RECURSION = YES;
				CLANG_WARN_INT_CONVERSION = YES;
				CLANG_WARN_NON_LITERAL_NULL_CONVERSION = YES;
				CLANG_WARN_OBJC_IMPLICIT_RETAIN_SELF = YES;
				CLANG_WARN_OBJC_LITERAL_CONVERSION = YES;
				CLANG_WARN_OBJC_ROOT_CLASS = YES_ERROR;
				CLANG_WARN_RANGE_LOOP_ANALYSIS = YES;
				CLANG_WARN_STRICT_PROTOTYPES = YES;
				CLANG_WARN_SUSPICIOUS_MOVE = YES;
				CLANG_WARN_UNGUARDED_AVAILABILITY = YES_AGGRESSIVE;
				CLANG_WARN_UNREACHABLE_CODE = YES;
				CLANG_WARN__DUPLICATE_METHOD_MATCH = YES;
				COPY_PHASE_STRIP = NO;
				DEBUG_INFORMATION_FORMAT = "dwarf-with-dsym";
				ENABLE_NS_ASSERTIONS = NO;
				ENABLE_STRICT_OBJC_MSGSEND = YES;
				GCC_C_LANGUAGE_STANDARD = gnu11;
				GCC_NO_COMMON_BLOCKS = YES;
				GCC_WARN_64_TO_32_BIT_CONVERSION = YES;
				GCC_WARN_ABOUT_RETURN_TYPE = YES_ERROR;
				GCC_WARN_UNDECLARED_SELECTOR = YES;
				GCC_WARN_UNINITIALIZED_AUTOS = YES_AGGRESSIVE;
				GCC_WARN_UNUSED_FUNCTION = YES;
				GCC_WARN_UNUSED_VARIABLE = YES;
				IPHONEOS_DEPLOYMENT_TARGET = 13.2;
				MTL_ENABLE_DEBUG_INFO = NO;
				MTL_FAST_MATH = YES;
				SDKROOT = iphoneos;
				SWIFT_COMPILATION_MODE = wholemodule;
				SWIFT_OPTIMIZATION_LEVEL = "-O";
				VALIDATE_PRODUCT = YES;
			};
			name = Release;
		};
		3821B3C223FE63A50011B0DA /* Debug */ = {
			isa = XCBuildConfiguration;
			buildSettings = {
				ASSETCATALOG_COMPILER_APPICON_NAME = AppIcon;
				CODE_SIGN_STYLE = Automatic;
				DEVELOPMENT_TEAM = 88FS6F8B93;
				INFOPLIST_FILE = PhotoIOSPT5/Info.plist;
				LD_RUNPATH_SEARCH_PATHS = (
					"$(inherited)",
					"@executable_path/Frameworks",
				);
				PRODUCT_BUNDLE_IDENTIFIER = com.davidWilliams.PhotoIOSPT5;
				PRODUCT_NAME = "$(TARGET_NAME)";
				SWIFT_VERSION = 5.0;
				TARGETED_DEVICE_FAMILY = "1,2";
			};
			name = Debug;
		};
		3821B3C323FE63A50011B0DA /* Release */ = {
			isa = XCBuildConfiguration;
			buildSettings = {
				ASSETCATALOG_COMPILER_APPICON_NAME = AppIcon;
				CODE_SIGN_STYLE = Automatic;
				DEVELOPMENT_TEAM = 88FS6F8B93;
				INFOPLIST_FILE = PhotoIOSPT5/Info.plist;
				LD_RUNPATH_SEARCH_PATHS = (
					"$(inherited)",
					"@executable_path/Frameworks",
				);
				PRODUCT_BUNDLE_IDENTIFIER = com.davidWilliams.PhotoIOSPT5;
				PRODUCT_NAME = "$(TARGET_NAME)";
				SWIFT_VERSION = 5.0;
				TARGETED_DEVICE_FAMILY = "1,2";
			};
			name = Release;
		};
/* End XCBuildConfiguration section */

/* Begin XCConfigurationList section */
		3821B3A823FE63A20011B0DA /* Build configuration list for PBXProject "PhotoIOSPT5" */ = {
			isa = XCConfigurationList;
			buildConfigurations = (
				3821B3BF23FE63A50011B0DA /* Debug */,
				3821B3C023FE63A50011B0DA /* Release */,
			);
			defaultConfigurationIsVisible = 0;
			defaultConfigurationName = Release;
		};
		3821B3C123FE63A50011B0DA /* Build configuration list for PBXNativeTarget "PhotoIOSPT5" */ = {
			isa = XCConfigurationList;
			buildConfigurations = (
				3821B3C223FE63A50011B0DA /* Debug */,
				3821B3C323FE63A50011B0DA /* Release */,
			);
			defaultConfigurationIsVisible = 0;
			defaultConfigurationName = Release;
		};
/* End XCConfigurationList section */
	};
	rootObject = 3821B3A523FE63A20011B0DA /* Project object */;
}
