// !$*UTF8*$!
{
	archiveVersion = 1;
	classes = {
	};
	objectVersion = 50;
	objects = {

/* Begin PBXBuildFile section */
		39F4F61021139031009EDF39 /* AppDelegate.swift in Sources */ = {isa = PBXBuildFile; fileRef = 39F4F60F21139031009EDF39 /* AppDelegate.swift */; };
		39F4F61221139031009EDF39 /* ViewController.swift in Sources */ = {isa = PBXBuildFile; fileRef = 39F4F61121139031009EDF39 /* ViewController.swift */; };
		39F4F61521139031009EDF39 /* Main.storyboard in Resources */ = {isa = PBXBuildFile; fileRef = 39F4F61321139031009EDF39 /* Main.storyboard */; };
		39F4F61721139032009EDF39 /* Assets.xcassets in Resources */ = {isa = PBXBuildFile; fileRef = 39F4F61621139032009EDF39 /* Assets.xcassets */; };
		39F4F61A21139032009EDF39 /* LaunchScreen.storyboard in Resources */ = {isa = PBXBuildFile; fileRef = 39F4F61821139032009EDF39 /* LaunchScreen.storyboard */; };
		39F4F62421139066009EDF39 /* Photo.swift in Sources */ = {isa = PBXBuildFile; fileRef = 39F4F62321139066009EDF39 /* Photo.swift */; };
		39F4F62721139082009EDF39 /* PhotoController.swift in Sources */ = {isa = PBXBuildFile; fileRef = 39F4F62621139082009EDF39 /* PhotoController.swift */; };
		39F4F62A21139399009EDF39 /* ThemeHelper.swift in Sources */ = {isa = PBXBuildFile; fileRef = 39F4F62921139399009EDF39 /* ThemeHelper.swift */; };
/* End PBXBuildFile section */

/* Begin PBXFileReference section */
		39F4F60C21139031009EDF39 /* PhotoCollection.app */ = {isa = PBXFileReference; explicitFileType = wrapper.application; includeInIndex = 0; path = PhotoCollection.app; sourceTree = BUILT_PRODUCTS_DIR; };
		39F4F60F21139031009EDF39 /* AppDelegate.swift */ = {isa = PBXFileReference; lastKnownFileType = sourcecode.swift; path = AppDelegate.swift; sourceTree = "<group>"; };
		39F4F61121139031009EDF39 /* ViewController.swift */ = {isa = PBXFileReference; lastKnownFileType = sourcecode.swift; path = ViewController.swift; sourceTree = "<group>"; };
		39F4F61421139031009EDF39 /* Base */ = {isa = PBXFileReference; lastKnownFileType = file.storyboard; name = Base; path = Base.lproj/Main.storyboard; sourceTree = "<group>"; };
		39F4F61621139032009EDF39 /* Assets.xcassets */ = {isa = PBXFileReference; lastKnownFileType = folder.assetcatalog; path = Assets.xcassets; sourceTree = "<group>"; };
		39F4F61921139032009EDF39 /* Base */ = {isa = PBXFileReference; lastKnownFileType = file.storyboard; name = Base; path = Base.lproj/LaunchScreen.storyboard; sourceTree = "<group>"; };
		39F4F61B21139032009EDF39 /* Info.plist */ = {isa = PBXFileReference; lastKnownFileType = text.plist.xml; path = Info.plist; sourceTree = "<group>"; };
		39F4F62321139066009EDF39 /* Photo.swift */ = {isa = PBXFileReference; lastKnownFileType = sourcecode.swift; path = Photo.swift; sourceTree = "<group>"; };
		39F4F62621139082009EDF39 /* PhotoController.swift */ = {isa = PBXFileReference; lastKnownFileType = sourcecode.swift; path = PhotoController.swift; sourceTree = "<group>"; };
		39F4F62921139399009EDF39 /* ThemeHelper.swift */ = {isa = PBXFileReference; lastKnownFileType = sourcecode.swift; path = ThemeHelper.swift; sourceTree = "<group>"; };
/* End PBXFileReference section */

/* Begin PBXFrameworksBuildPhase section */
		39F4F60921139031009EDF39 /* Frameworks */ = {
			isa = PBXFrameworksBuildPhase;
			buildActionMask = 2147483647;
			files = (
			);
			runOnlyForDeploymentPostprocessing = 0;
		};
/* End PBXFrameworksBuildPhase section */

/* Begin PBXGroup section */
		39F4F60321139031009EDF39 = {
			isa = PBXGroup;
			children = (
				39F4F60E21139031009EDF39 /* PhotoCollection */,
				39F4F60D21139031009EDF39 /* Products */,
			);
			sourceTree = "<group>";
		};
		39F4F60D21139031009EDF39 /* Products */ = {
			isa = PBXGroup;
			children = (
				39F4F60C21139031009EDF39 /* PhotoCollection.app */,
			);
			name = Products;
			sourceTree = "<group>";
		};
		39F4F60E21139031009EDF39 /* PhotoCollection */ = {
			isa = PBXGroup;
			children = (
				39F4F60F21139031009EDF39 /* AppDelegate.swift */,
				39F4F62B2113939D009EDF39 /* ThemeHelper */,
				39F4F62521139069009EDF39 /* Model */,
				39F4F62821139087009EDF39 /* Model Controller */,
				39F4F62121139044009EDF39 /* View Controllers */,
				39F4F62221139055009EDF39 /* Storyboards */,
				39F4F61621139032009EDF39 /* Assets.xcassets */,
				39F4F61B21139032009EDF39 /* Info.plist */,
			);
			path = PhotoCollection;
			sourceTree = "<group>";
		};
		39F4F62121139044009EDF39 /* View Controllers */ = {
			isa = PBXGroup;
			children = (
				39F4F61121139031009EDF39 /* ViewController.swift */,
			);
			path = "View Controllers";
			sourceTree = "<group>";
		};
		39F4F62221139055009EDF39 /* Storyboards */ = {
			isa = PBXGroup;
			children = (
				39F4F61321139031009EDF39 /* Main.storyboard */,
				39F4F61821139032009EDF39 /* LaunchScreen.storyboard */,
			);
			path = Storyboards;
			sourceTree = "<group>";
		};
		39F4F62521139069009EDF39 /* Model */ = {
			isa = PBXGroup;
			children = (
				39F4F62321139066009EDF39 /* Photo.swift */,
			);
			path = Model;
			sourceTree = "<group>";
		};
		39F4F62821139087009EDF39 /* Model Controller */ = {
			isa = PBXGroup;
			children = (
				39F4F62621139082009EDF39 /* PhotoController.swift */,
			);
			path = "Model Controller";
			sourceTree = "<group>";
		};
		39F4F62B2113939D009EDF39 /* ThemeHelper */ = {
			isa = PBXGroup;
			children = (
				39F4F62921139399009EDF39 /* ThemeHelper.swift */,
			);
			path = ThemeHelper;
			sourceTree = "<group>";
		};
/* End PBXGroup section */

/* Begin PBXNativeTarget section */
		39F4F60B21139031009EDF39 /* PhotoCollection */ = {
			isa = PBXNativeTarget;
			buildConfigurationList = 39F4F61E21139032009EDF39 /* Build configuration list for PBXNativeTarget "PhotoCollection" */;
			buildPhases = (
				39F4F60821139031009EDF39 /* Sources */,
				39F4F60921139031009EDF39 /* Frameworks */,
				39F4F60A21139031009EDF39 /* Resources */,
			);
			buildRules = (
			);
			dependencies = (
			);
			name = PhotoCollection;
			productName = PhotoCollection;
			productReference = 39F4F60C21139031009EDF39 /* PhotoCollection.app */;
			productType = "com.apple.product-type.application";
		};
/* End PBXNativeTarget section */

/* Begin PBXProject section */
		39F4F60421139031009EDF39 /* Project object */ = {
			isa = PBXProject;
			attributes = {
				LastSwiftUpdateCheck = 0940;
				LastUpgradeCheck = 0940;
				ORGANIZATIONNAME = "Linh Bouniol";
				TargetAttributes = {
					39F4F60B21139031009EDF39 = {
						CreatedOnToolsVersion = 9.4.1;
					};
				};
			};
			buildConfigurationList = 39F4F60721139031009EDF39 /* Build configuration list for PBXProject "PhotoCollection" */;
			compatibilityVersion = "Xcode 9.3";
			developmentRegion = en;
			hasScannedForEncodings = 0;
			knownRegions = (
				en,
				Base,
			);
			mainGroup = 39F4F60321139031009EDF39;
			productRefGroup = 39F4F60D21139031009EDF39 /* Products */;
			projectDirPath = "";
			projectRoot = "";
			targets = (
				39F4F60B21139031009EDF39 /* PhotoCollection */,
			);
		};
/* End PBXProject section */

/* Begin PBXResourcesBuildPhase section */
		39F4F60A21139031009EDF39 /* Resources */ = {
			isa = PBXResourcesBuildPhase;
			buildActionMask = 2147483647;
			files = (
				39F4F61A21139032009EDF39 /* LaunchScreen.storyboard in Resources */,
				39F4F61721139032009EDF39 /* Assets.xcassets in Resources */,
				39F4F61521139031009EDF39 /* Main.storyboard in Resources */,
			);
			runOnlyForDeploymentPostprocessing = 0;
		};
/* End PBXResourcesBuildPhase section */

/* Begin PBXSourcesBuildPhase section */
		39F4F60821139031009EDF39 /* Sources */ = {
			isa = PBXSourcesBuildPhase;
			buildActionMask = 2147483647;
			files = (
				39F4F62421139066009EDF39 /* Photo.swift in Sources */,
				39F4F61221139031009EDF39 /* ViewController.swift in Sources */,
				39F4F62721139082009EDF39 /* PhotoController.swift in Sources */,
				39F4F62A21139399009EDF39 /* ThemeHelper.swift in Sources */,
				39F4F61021139031009EDF39 /* AppDelegate.swift in Sources */,
			);
			runOnlyForDeploymentPostprocessing = 0;
		};
/* End PBXSourcesBuildPhase section */

/* Begin PBXVariantGroup section */
		39F4F61321139031009EDF39 /* Main.storyboard */ = {
			isa = PBXVariantGroup;
			children = (
				39F4F61421139031009EDF39 /* Base */,
			);
			name = Main.storyboard;
			sourceTree = "<group>";
		};
		39F4F61821139032009EDF39 /* LaunchScreen.storyboard */ = {
			isa = PBXVariantGroup;
			children = (
				39F4F61921139032009EDF39 /* Base */,
			);
			name = LaunchScreen.storyboard;
			sourceTree = "<group>";
		};
/* End PBXVariantGroup section */

/* Begin XCBuildConfiguration section */
		39F4F61C21139032009EDF39 /* Debug */ = {
			isa = XCBuildConfiguration;
			buildSettings = {
				ALWAYS_SEARCH_USER_PATHS = NO;
				CLANG_ANALYZER_NONNULL = YES;
				CLANG_ANALYZER_NUMBER_OBJECT_CONVERSION = YES_AGGRESSIVE;
				CLANG_CXX_LANGUAGE_STANDARD = "gnu++14";
				CLANG_CXX_LIBRARY = "libc++";
				CLANG_ENABLE_MODULES = YES;
				CLANG_ENABLE_OBJC_ARC = YES;
				CLANG_ENABLE_OBJC_WEAK = YES;
				CLANG_WARN_BLOCK_CAPTURE_AUTORELEASING = YES;
				CLANG_WARN_BOOL_CONVERSION = YES;
				CLANG_WARN_COMMA = YES;
				CLANG_WARN_CONSTANT_CONVERSION = YES;
				CLANG_WARN_DEPRECATED_OBJC_IMPLEMENTATIONS = YES;
				CLANG_WARN_DIRECT_OBJC_ISA_USAGE = YES_ERROR;
				CLANG_WARN_DOCUMENTATION_COMMENTS = YES;
				CLANG_WARN_EMPTY_BODY = YES;
				CLANG_WARN_ENUM_CONVERSION = YES;
				CLANG_WARN_INFINITE_RECURSION = YES;
				CLANG_WARN_INT_CONVERSION = YES;
				CLANG_WARN_NON_LITERAL_NULL_CONVERSION = YES;
				CLANG_WARN_OBJC_IMPLICIT_RETAIN_SELF = YES;
				CLANG_WARN_OBJC_LITERAL_CONVERSION = YES;
				CLANG_WARN_OBJC_ROOT_CLASS = YES_ERROR;
				CLANG_WARN_RANGE_LOOP_ANALYSIS = YES;
				CLANG_WARN_STRICT_PROTOTYPES = YES;
				CLANG_WARN_SUSPICIOUS_MOVE = YES;
				CLANG_WARN_UNGUARDED_AVAILABILITY = YES_AGGRESSIVE;
				CLANG_WARN_UNREACHABLE_CODE = YES;
				CLANG_WARN__DUPLICATE_METHOD_MATCH = YES;
				CODE_SIGN_IDENTITY = "iPhone Developer";
				COPY_PHASE_STRIP = NO;
				DEBUG_INFORMATION_FORMAT = dwarf;
				ENABLE_STRICT_OBJC_MSGSEND = YES;
				ENABLE_TESTABILITY = YES;
				GCC_C_LANGUAGE_STANDARD = gnu11;
				GCC_DYNAMIC_NO_PIC = NO;
				GCC_NO_COMMON_BLOCKS = YES;
				GCC_OPTIMIZATION_LEVEL = 0;
				GCC_PREPROCESSOR_DEFINITIONS = (
					"DEBUG=1",
					"$(inherited)",
				);
				GCC_WARN_64_TO_32_BIT_CONVERSION = YES;
				GCC_WARN_ABOUT_RETURN_TYPE = YES_ERROR;
				GCC_WARN_UNDECLARED_SELECTOR = YES;
				GCC_WARN_UNINITIALIZED_AUTOS = YES_AGGRESSIVE;
				GCC_WARN_UNUSED_FUNCTION = YES;
				GCC_WARN_UNUSED_VARIABLE = YES;
				IPHONEOS_DEPLOYMENT_TARGET = 11.4;
				MTL_ENABLE_DEBUG_INFO = YES;
				ONLY_ACTIVE_ARCH = YES;
				SDKROOT = iphoneos;
				SWIFT_ACTIVE_COMPILATION_CONDITIONS = DEBUG;
				SWIFT_OPTIMIZATION_LEVEL = "-Onone";
			};
			name = Debug;
		};
		39F4F61D21139032009EDF39 /* Release */ = {
			isa = XCBuildConfiguration;
			buildSettings = {
				ALWAYS_SEARCH_USER_PATHS = NO;
				CLANG_ANALYZER_NONNULL = YES;
				CLANG_ANALYZER_NUMBER_OBJECT_CONVERSION = YES_AGGRESSIVE;
				CLANG_CXX_LANGUAGE_STANDARD = "gnu++14";
				CLANG_CXX_LIBRARY = "libc++";
				CLANG_ENABLE_MODULES = YES;
				CLANG_ENABLE_OBJC_ARC = YES;
				CLANG_ENABLE_OBJC_WEAK = YES;
				CLANG_WARN_BLOCK_CAPTURE_AUTORELEASING = YES;
				CLANG_WARN_BOOL_CONVERSION = YES;
				CLANG_WARN_COMMA = YES;
				CLANG_WARN_CONSTANT_CONVERSION = YES;
				CLANG_WARN_DEPRECATED_OBJC_IMPLEMENTATIONS = YES;
				CLANG_WARN_DIRECT_OBJC_ISA_USAGE = YES_ERROR;
				CLANG_WARN_DOCUMENTATION_COMMENTS = YES;
				CLANG_WARN_EMPTY_BODY = YES;
				CLANG_WARN_ENUM_CONVERSION = YES;
				CLANG_WARN_INFINITE_RECURSION = YES;
				CLANG_WARN_INT_CONVERSION = YES;
				CLANG_WARN_NON_LITERAL_NULL_CONVERSION = YES;
				CLANG_WARN_OBJC_IMPLICIT_RETAIN_SELF = YES;
				CLANG_WARN_OBJC_LITERAL_CONVERSION = YES;
				CLANG_WARN_OBJC_ROOT_CLASS = YES_ERROR;
				CLANG_WARN_RANGE_LOOP_ANALYSIS = YES;
				CLANG_WARN_STRICT_PROTOTYPES = YES;
				CLANG_WARN_SUSPICIOUS_MOVE = YES;
				CLANG_WARN_UNGUARDED_AVAILABILITY = YES_AGGRESSIVE;
				CLANG_WARN_UNREACHABLE_CODE = YES;
				CLANG_WARN__DUPLICATE_METHOD_MATCH = YES;
				CODE_SIGN_IDENTITY = "iPhone Developer";
				COPY_PHASE_STRIP = NO;
				DEBUG_INFORMATION_FORMAT = "dwarf-with-dsym";
				ENABLE_NS_ASSERTIONS = NO;
				ENABLE_STRICT_OBJC_MSGSEND = YES;
				GCC_C_LANGUAGE_STANDARD = gnu11;
				GCC_NO_COMMON_BLOCKS = YES;
				GCC_WARN_64_TO_32_BIT_CONVERSION = YES;
				GCC_WARN_ABOUT_RETURN_TYPE = YES_ERROR;
				GCC_WARN_UNDECLARED_SELECTOR = YES;
				GCC_WARN_UNINITIALIZED_AUTOS = YES_AGGRESSIVE;
				GCC_WARN_UNUSED_FUNCTION = YES;
				GCC_WARN_UNUSED_VARIABLE = YES;
				IPHONEOS_DEPLOYMENT_TARGET = 11.4;
				MTL_ENABLE_DEBUG_INFO = NO;
				SDKROOT = iphoneos;
				SWIFT_COMPILATION_MODE = wholemodule;
				SWIFT_OPTIMIZATION_LEVEL = "-O";
				VALIDATE_PRODUCT = YES;
			};
			name = Release;
		};
		39F4F61F21139032009EDF39 /* Debug */ = {
			isa = XCBuildConfiguration;
			buildSettings = {
				ASSETCATALOG_COMPILER_APPICON_NAME = AppIcon;
				CODE_SIGN_STYLE = Automatic;
				DEVELOPMENT_TEAM = 39ZVY2XGME;
				INFOPLIST_FILE = PhotoCollection/Info.plist;
				LD_RUNPATH_SEARCH_PATHS = (
					"$(inherited)",
					"@executable_path/Frameworks",
				);
				PRODUCT_BUNDLE_IDENTIFIER = com.linhbouniol.PhotoCollection;
				PRODUCT_NAME = "$(TARGET_NAME)";
				SWIFT_VERSION = 4.0;
				TARGETED_DEVICE_FAMILY = "1,2";
			};
			name = Debug;
		};
		39F4F62021139032009EDF39 /* Release */ = {
			isa = XCBuildConfiguration;
			buildSettings = {
				ASSETCATALOG_COMPILER_APPICON_NAME = AppIcon;
				CODE_SIGN_STYLE = Automatic;
				DEVELOPMENT_TEAM = 39ZVY2XGME;
				INFOPLIST_FILE = PhotoCollection/Info.plist;
				LD_RUNPATH_SEARCH_PATHS = (
					"$(inherited)",
					"@executable_path/Frameworks",
				);
				PRODUCT_BUNDLE_IDENTIFIER = com.linhbouniol.PhotoCollection;
				PRODUCT_NAME = "$(TARGET_NAME)";
				SWIFT_VERSION = 4.0;
				TARGETED_DEVICE_FAMILY = "1,2";
			};
			name = Release;
		};
/* End XCBuildConfiguration section */

/* Begin XCConfigurationList section */
		39F4F60721139031009EDF39 /* Build configuration list for PBXProject "PhotoCollection" */ = {
			isa = XCConfigurationList;
			buildConfigurations = (
				39F4F61C21139032009EDF39 /* Debug */,
				39F4F61D21139032009EDF39 /* Release */,
			);
			defaultConfigurationIsVisible = 0;
			defaultConfigurationName = Release;
		};
		39F4F61E21139032009EDF39 /* Build configuration list for PBXNativeTarget "PhotoCollection" */ = {
			isa = XCConfigurationList;
			buildConfigurations = (
				39F4F61F21139032009EDF39 /* Debug */,
				39F4F62021139032009EDF39 /* Release */,
			);
			defaultConfigurationIsVisible = 0;
			defaultConfigurationName = Release;
		};
/* End XCConfigurationList section */
	};
	rootObject = 39F4F60421139031009EDF39 /* Project object */;
}
