// !$*UTF8*$!
{
	archiveVersion = 1;
	classes = {
	};
	objectVersion = 50;
	objects = {

/* Begin PBXBuildFile section */
		272C582D21EFC88800F4F29C /* AppDelegate.swift in Sources */ = {isa = PBXBuildFile; fileRef = 272C582C21EFC88800F4F29C /* AppDelegate.swift */; };
		272C583221EFC88800F4F29C /* Main.storyboard in Resources */ = {isa = PBXBuildFile; fileRef = 272C583021EFC88800F4F29C /* Main.storyboard */; };
		272C583421EFC88900F4F29C /* Assets.xcassets in Resources */ = {isa = PBXBuildFile; fileRef = 272C583321EFC88900F4F29C /* Assets.xcassets */; };
		272C583721EFC88900F4F29C /* LaunchScreen.storyboard in Resources */ = {isa = PBXBuildFile; fileRef = 272C583521EFC88900F4F29C /* LaunchScreen.storyboard */; };
		272C583F21EFC9EC00F4F29C /* Photo.swift in Sources */ = {isa = PBXBuildFile; fileRef = 272C583E21EFC9EC00F4F29C /* Photo.swift */; };
		272C584121EFCA5900F4F29C /* PhotoController.swift in Sources */ = {isa = PBXBuildFile; fileRef = 272C584021EFCA5900F4F29C /* PhotoController.swift */; };
		272C584521EFE62900F4F29C /* ThemeHelper.swift in Sources */ = {isa = PBXBuildFile; fileRef = 272C584421EFE62900F4F29C /* ThemeHelper.swift */; };
		272C584821EFEAB800F4F29C /* PhotosCollectionViewController.swift in Sources */ = {isa = PBXBuildFile; fileRef = 272C584721EFEAB800F4F29C /* PhotosCollectionViewController.swift */; };
		272C584B21EFEB1D00F4F29C /* PhotosCollectionViewCell.swift in Sources */ = {isa = PBXBuildFile; fileRef = 272C584A21EFEB1D00F4F29C /* PhotosCollectionViewCell.swift */; };
		272C584E21EFED1300F4F29C /* PhotoDetailViewController.swift in Sources */ = {isa = PBXBuildFile; fileRef = 272C584D21EFED1300F4F29C /* PhotoDetailViewController.swift */; };
		272C585021EFF3F300F4F29C /* ThemeSelectionViewController.swift in Sources */ = {isa = PBXBuildFile; fileRef = 272C584F21EFF3F300F4F29C /* ThemeSelectionViewController.swift */; };
/* End PBXBuildFile section */

/* Begin PBXFileReference section */
		272C582921EFC88800F4F29C /* iOS-Photo-Collection.app */ = {isa = PBXFileReference; explicitFileType = wrapper.application; includeInIndex = 0; path = "iOS-Photo-Collection.app"; sourceTree = BUILT_PRODUCTS_DIR; };
		272C582C21EFC88800F4F29C /* AppDelegate.swift */ = {isa = PBXFileReference; lastKnownFileType = sourcecode.swift; path = AppDelegate.swift; sourceTree = "<group>"; };
		272C583121EFC88800F4F29C /* Base */ = {isa = PBXFileReference; lastKnownFileType = file.storyboard; name = Base; path = Base.lproj/Main.storyboard; sourceTree = "<group>"; };
		272C583321EFC88900F4F29C /* Assets.xcassets */ = {isa = PBXFileReference; lastKnownFileType = folder.assetcatalog; path = Assets.xcassets; sourceTree = "<group>"; };
		272C583621EFC88900F4F29C /* Base */ = {isa = PBXFileReference; lastKnownFileType = file.storyboard; name = Base; path = Base.lproj/LaunchScreen.storyboard; sourceTree = "<group>"; };
		272C583821EFC88900F4F29C /* Info.plist */ = {isa = PBXFileReference; lastKnownFileType = text.plist.xml; path = Info.plist; sourceTree = "<group>"; };
		272C583E21EFC9EC00F4F29C /* Photo.swift */ = {isa = PBXFileReference; lastKnownFileType = sourcecode.swift; path = Photo.swift; sourceTree = "<group>"; };
		272C584021EFCA5900F4F29C /* PhotoController.swift */ = {isa = PBXFileReference; lastKnownFileType = sourcecode.swift; path = PhotoController.swift; sourceTree = "<group>"; };
		272C584421EFE62900F4F29C /* ThemeHelper.swift */ = {isa = PBXFileReference; lastKnownFileType = sourcecode.swift; path = ThemeHelper.swift; sourceTree = "<group>"; };
		272C584721EFEAB800F4F29C /* PhotosCollectionViewController.swift */ = {isa = PBXFileReference; lastKnownFileType = sourcecode.swift; path = PhotosCollectionViewController.swift; sourceTree = "<group>"; };
		272C584A21EFEB1D00F4F29C /* PhotosCollectionViewCell.swift */ = {isa = PBXFileReference; lastKnownFileType = sourcecode.swift; path = PhotosCollectionViewCell.swift; sourceTree = "<group>"; };
		272C584D21EFED1300F4F29C /* PhotoDetailViewController.swift */ = {isa = PBXFileReference; lastKnownFileType = sourcecode.swift; path = PhotoDetailViewController.swift; sourceTree = "<group>"; };
		272C584F21EFF3F300F4F29C /* ThemeSelectionViewController.swift */ = {isa = PBXFileReference; lastKnownFileType = sourcecode.swift; path = ThemeSelectionViewController.swift; sourceTree = "<group>"; };
/* End PBXFileReference section */

/* Begin PBXFrameworksBuildPhase section */
		272C582621EFC88800F4F29C /* Frameworks */ = {
			isa = PBXFrameworksBuildPhase;
			buildActionMask = 2147483647;
			files = (
			);
			runOnlyForDeploymentPostprocessing = 0;
		};
/* End PBXFrameworksBuildPhase section */

/* Begin PBXGroup section */
		272C582021EFC88800F4F29C = {
			isa = PBXGroup;
			children = (
				272C582B21EFC88800F4F29C /* iOS-Photo-Collection */,
				272C582A21EFC88800F4F29C /* Products */,
			);
			sourceTree = "<group>";
		};
		272C582A21EFC88800F4F29C /* Products */ = {
			isa = PBXGroup;
			children = (
				272C582921EFC88800F4F29C /* iOS-Photo-Collection.app */,
			);
			name = Products;
			sourceTree = "<group>";
		};
		272C582B21EFC88800F4F29C /* iOS-Photo-Collection */ = {
			isa = PBXGroup;
			children = (
				272C582C21EFC88800F4F29C /* AppDelegate.swift */,
				272C583021EFC88800F4F29C /* Main.storyboard */,
				272C584C21EFEB2300F4F29C /* Views */,
				272C584921EFEABE00F4F29C /* View Controllers */,
				272C584621EFE63300F4F29C /* Helpers */,
				272C584221EFCA5D00F4F29C /* Models */,
				272C584321EFCA6600F4F29C /* Model Controllers */,
				272C583321EFC88900F4F29C /* Assets.xcassets */,
				272C583521EFC88900F4F29C /* LaunchScreen.storyboard */,
				272C583821EFC88900F4F29C /* Info.plist */,
			);
			path = "iOS-Photo-Collection";
			sourceTree = "<group>";
		};
		272C584221EFCA5D00F4F29C /* Models */ = {
			isa = PBXGroup;
			children = (
				272C583E21EFC9EC00F4F29C /* Photo.swift */,
			);
			path = Models;
			sourceTree = "<group>";
		};
		272C584321EFCA6600F4F29C /* Model Controllers */ = {
			isa = PBXGroup;
			children = (
				272C584021EFCA5900F4F29C /* PhotoController.swift */,
			);
			path = "Model Controllers";
			sourceTree = "<group>";
		};
		272C584621EFE63300F4F29C /* Helpers */ = {
			isa = PBXGroup;
			children = (
				272C584421EFE62900F4F29C /* ThemeHelper.swift */,
			);
			path = Helpers;
			sourceTree = "<group>";
		};
		272C584921EFEABE00F4F29C /* View Controllers */ = {
			isa = PBXGroup;
			children = (
				272C584721EFEAB800F4F29C /* PhotosCollectionViewController.swift */,
				272C584D21EFED1300F4F29C /* PhotoDetailViewController.swift */,
				272C584F21EFF3F300F4F29C /* ThemeSelectionViewController.swift */,
			);
			path = "View Controllers";
			sourceTree = "<group>";
		};
		272C584C21EFEB2300F4F29C /* Views */ = {
			isa = PBXGroup;
			children = (
				272C584A21EFEB1D00F4F29C /* PhotosCollectionViewCell.swift */,
			);
			path = Views;
			sourceTree = "<group>";
		};
/* End PBXGroup section */

/* Begin PBXNativeTarget section */
		272C582821EFC88800F4F29C /* iOS-Photo-Collection */ = {
			isa = PBXNativeTarget;
			buildConfigurationList = 272C583B21EFC88900F4F29C /* Build configuration list for PBXNativeTarget "iOS-Photo-Collection" */;
			buildPhases = (
				272C582521EFC88800F4F29C /* Sources */,
				272C582621EFC88800F4F29C /* Frameworks */,
				272C582721EFC88800F4F29C /* Resources */,
			);
			buildRules = (
			);
			dependencies = (
			);
			name = "iOS-Photo-Collection";
			productName = "iOS-Photo-Collection";
			productReference = 272C582921EFC88800F4F29C /* iOS-Photo-Collection.app */;
			productType = "com.apple.product-type.application";
		};
/* End PBXNativeTarget section */

/* Begin PBXProject section */
		272C582121EFC88800F4F29C /* Project object */ = {
			isa = PBXProject;
			attributes = {
				LastSwiftUpdateCheck = 1010;
				LastUpgradeCheck = 1010;
				ORGANIZATIONNAME = "Vijay Das";
				TargetAttributes = {
					272C582821EFC88800F4F29C = {
						CreatedOnToolsVersion = 10.1;
					};
				};
			};
			buildConfigurationList = 272C582421EFC88800F4F29C /* Build configuration list for PBXProject "iOS-Photo-Collection" */;
			compatibilityVersion = "Xcode 9.3";
			developmentRegion = en;
			hasScannedForEncodings = 0;
			knownRegions = (
				en,
				Base,
			);
			mainGroup = 272C582021EFC88800F4F29C;
			productRefGroup = 272C582A21EFC88800F4F29C /* Products */;
			projectDirPath = "";
			projectRoot = "";
			targets = (
				272C582821EFC88800F4F29C /* iOS-Photo-Collection */,
			);
		};
/* End PBXProject section */

/* Begin PBXResourcesBuildPhase section */
		272C582721EFC88800F4F29C /* Resources */ = {
			isa = PBXResourcesBuildPhase;
			buildActionMask = 2147483647;
			files = (
				272C583721EFC88900F4F29C /* LaunchScreen.storyboard in Resources */,
				272C583421EFC88900F4F29C /* Assets.xcassets in Resources */,
				272C583221EFC88800F4F29C /* Main.storyboard in Resources */,
			);
			runOnlyForDeploymentPostprocessing = 0;
		};
/* End PBXResourcesBuildPhase section */

/* Begin PBXSourcesBuildPhase section */
		272C582521EFC88800F4F29C /* Sources */ = {
			isa = PBXSourcesBuildPhase;
			buildActionMask = 2147483647;
			files = (
				272C583F21EFC9EC00F4F29C /* Photo.swift in Sources */,
				272C585021EFF3F300F4F29C /* ThemeSelectionViewController.swift in Sources */,
				272C584121EFCA5900F4F29C /* PhotoController.swift in Sources */,
				272C582D21EFC88800F4F29C /* AppDelegate.swift in Sources */,
				272C584E21EFED1300F4F29C /* PhotoDetailViewController.swift in Sources */,
				272C584821EFEAB800F4F29C /* PhotosCollectionViewController.swift in Sources */,
				272C584521EFE62900F4F29C /* ThemeHelper.swift in Sources */,
				272C584B21EFEB1D00F4F29C /* PhotosCollectionViewCell.swift in Sources */,
			);
			runOnlyForDeploymentPostprocessing = 0;
		};
/* End PBXSourcesBuildPhase section */

/* Begin PBXVariantGroup section */
		272C583021EFC88800F4F29C /* Main.storyboard */ = {
			isa = PBXVariantGroup;
			children = (
				272C583121EFC88800F4F29C /* Base */,
			);
			name = Main.storyboard;
			sourceTree = "<group>";
		};
		272C583521EFC88900F4F29C /* LaunchScreen.storyboard */ = {
			isa = PBXVariantGroup;
			children = (
				272C583621EFC88900F4F29C /* Base */,
			);
			name = LaunchScreen.storyboard;
			sourceTree = "<group>";
		};
/* End PBXVariantGroup section */

/* Begin XCBuildConfiguration section */
		272C583921EFC88900F4F29C /* Debug */ = {
			isa = XCBuildConfiguration;
			buildSettings = {
				ALWAYS_SEARCH_USER_PATHS = NO;
				CLANG_ANALYZER_NONNULL = YES;
				CLANG_ANALYZER_NUMBER_OBJECT_CONVERSION = YES_AGGRESSIVE;
				CLANG_CXX_LANGUAGE_STANDARD = "gnu++14";
				CLANG_CXX_LIBRARY = "libc++";
				CLANG_ENABLE_MODULES = YES;
				CLANG_ENABLE_OBJC_ARC = YES;
				CLANG_ENABLE_OBJC_WEAK = YES;
				CLANG_WARN_BLOCK_CAPTURE_AUTORELEASING = YES;
				CLANG_WARN_BOOL_CONVERSION = YES;
				CLANG_WARN_COMMA = YES;
				CLANG_WARN_CONSTANT_CONVERSION = YES;
				CLANG_WARN_DEPRECATED_OBJC_IMPLEMENTATIONS = YES;
				CLANG_WARN_DIRECT_OBJC_ISA_USAGE = YES_ERROR;
				CLANG_WARN_DOCUMENTATION_COMMENTS = YES;
				CLANG_WARN_EMPTY_BODY = YES;
				CLANG_WARN_ENUM_CONVERSION = YES;
				CLANG_WARN_INFINITE_RECURSION = YES;
				CLANG_WARN_INT_CONVERSION = YES;
				CLANG_WARN_NON_LITERAL_NULL_CONVERSION = YES;
				CLANG_WARN_OBJC_IMPLICIT_RETAIN_SELF = YES;
				CLANG_WARN_OBJC_LITERAL_CONVERSION = YES;
				CLANG_WARN_OBJC_ROOT_CLASS = YES_ERROR;
				CLANG_WARN_RANGE_LOOP_ANALYSIS = YES;
				CLANG_WARN_STRICT_PROTOTYPES = YES;
				CLANG_WARN_SUSPICIOUS_MOVE = YES;
				CLANG_WARN_UNGUARDED_AVAILABILITY = YES_AGGRESSIVE;
				CLANG_WARN_UNREACHABLE_CODE = YES;
				CLANG_WARN__DUPLICATE_METHOD_MATCH = YES;
				CODE_SIGN_IDENTITY = "iPhone Developer";
				COPY_PHASE_STRIP = NO;
				DEBUG_INFORMATION_FORMAT = dwarf;
				ENABLE_STRICT_OBJC_MSGSEND = YES;
				ENABLE_TESTABILITY = YES;
				GCC_C_LANGUAGE_STANDARD = gnu11;
				GCC_DYNAMIC_NO_PIC = NO;
				GCC_NO_COMMON_BLOCKS = YES;
				GCC_OPTIMIZATION_LEVEL = 0;
				GCC_PREPROCESSOR_DEFINITIONS = (
					"DEBUG=1",
					"$(inherited)",
				);
				GCC_WARN_64_TO_32_BIT_CONVERSION = YES;
				GCC_WARN_ABOUT_RETURN_TYPE = YES_ERROR;
				GCC_WARN_UNDECLARED_SELECTOR = YES;
				GCC_WARN_UNINITIALIZED_AUTOS = YES_AGGRESSIVE;
				GCC_WARN_UNUSED_FUNCTION = YES;
				GCC_WARN_UNUSED_VARIABLE = YES;
				IPHONEOS_DEPLOYMENT_TARGET = 12.1;
				MTL_ENABLE_DEBUG_INFO = INCLUDE_SOURCE;
				MTL_FAST_MATH = YES;
				ONLY_ACTIVE_ARCH = YES;
				SDKROOT = iphoneos;
				SWIFT_ACTIVE_COMPILATION_CONDITIONS = DEBUG;
				SWIFT_OPTIMIZATION_LEVEL = "-Onone";
			};
			name = Debug;
		};
		272C583A21EFC88900F4F29C /* Release */ = {
			isa = XCBuildConfiguration;
			buildSettings = {
				ALWAYS_SEARCH_USER_PATHS = NO;
				CLANG_ANALYZER_NONNULL = YES;
				CLANG_ANALYZER_NUMBER_OBJECT_CONVERSION = YES_AGGRESSIVE;
				CLANG_CXX_LANGUAGE_STANDARD = "gnu++14";
				CLANG_CXX_LIBRARY = "libc++";
				CLANG_ENABLE_MODULES = YES;
				CLANG_ENABLE_OBJC_ARC = YES;
				CLANG_ENABLE_OBJC_WEAK = YES;
				CLANG_WARN_BLOCK_CAPTURE_AUTORELEASING = YES;
				CLANG_WARN_BOOL_CONVERSION = YES;
				CLANG_WARN_COMMA = YES;
				CLANG_WARN_CONSTANT_CONVERSION = YES;
				CLANG_WARN_DEPRECATED_OBJC_IMPLEMENTATIONS = YES;
				CLANG_WARN_DIRECT_OBJC_ISA_USAGE = YES_ERROR;
				CLANG_WARN_DOCUMENTATION_COMMENTS = YES;
				CLANG_WARN_EMPTY_BODY = YES;
				CLANG_WARN_ENUM_CONVERSION = YES;
				CLANG_WARN_INFINITE_RECURSION = YES;
				CLANG_WARN_INT_CONVERSION = YES;
				CLANG_WARN_NON_LITERAL_NULL_CONVERSION = YES;
				CLANG_WARN_OBJC_IMPLICIT_RETAIN_SELF = YES;
				CLANG_WARN_OBJC_LITERAL_CONVERSION = YES;
				CLANG_WARN_OBJC_ROOT_CLASS = YES_ERROR;
				CLANG_WARN_RANGE_LOOP_ANALYSIS = YES;
				CLANG_WARN_STRICT_PROTOTYPES = YES;
				CLANG_WARN_SUSPICIOUS_MOVE = YES;
				CLANG_WARN_UNGUARDED_AVAILABILITY = YES_AGGRESSIVE;
				CLANG_WARN_UNREACHABLE_CODE = YES;
				CLANG_WARN__DUPLICATE_METHOD_MATCH = YES;
				CODE_SIGN_IDENTITY = "iPhone Developer";
				COPY_PHASE_STRIP = NO;
				DEBUG_INFORMATION_FORMAT = "dwarf-with-dsym";
				ENABLE_NS_ASSERTIONS = NO;
				ENABLE_STRICT_OBJC_MSGSEND = YES;
				GCC_C_LANGUAGE_STANDARD = gnu11;
				GCC_NO_COMMON_BLOCKS = YES;
				GCC_WARN_64_TO_32_BIT_CONVERSION = YES;
				GCC_WARN_ABOUT_RETURN_TYPE = YES_ERROR;
				GCC_WARN_UNDECLARED_SELECTOR = YES;
				GCC_WARN_UNINITIALIZED_AUTOS = YES_AGGRESSIVE;
				GCC_WARN_UNUSED_FUNCTION = YES;
				GCC_WARN_UNUSED_VARIABLE = YES;
				IPHONEOS_DEPLOYMENT_TARGET = 12.1;
				MTL_ENABLE_DEBUG_INFO = NO;
				MTL_FAST_MATH = YES;
				SDKROOT = iphoneos;
				SWIFT_COMPILATION_MODE = wholemodule;
				SWIFT_OPTIMIZATION_LEVEL = "-O";
				VALIDATE_PRODUCT = YES;
			};
			name = Release;
		};
		272C583C21EFC88900F4F29C /* Debug */ = {
			isa = XCBuildConfiguration;
			buildSettings = {
				ASSETCATALOG_COMPILER_APPICON_NAME = AppIcon;
				CODE_SIGN_STYLE = Automatic;
				DEVELOPMENT_TEAM = F29U3VL727;
				INFOPLIST_FILE = "iOS-Photo-Collection/Info.plist";
				LD_RUNPATH_SEARCH_PATHS = (
					"$(inherited)",
					"@executable_path/Frameworks",
				);
				PRODUCT_BUNDLE_IDENTIFIER = "vijaydas.iOS-Photo-Collection";
				PRODUCT_NAME = "$(TARGET_NAME)";
				SWIFT_VERSION = 4.2;
				TARGETED_DEVICE_FAMILY = "1,2";
			};
			name = Debug;
		};
		272C583D21EFC88900F4F29C /* Release */ = {
			isa = XCBuildConfiguration;
			buildSettings = {
				ASSETCATALOG_COMPILER_APPICON_NAME = AppIcon;
				CODE_SIGN_STYLE = Automatic;
				DEVELOPMENT_TEAM = F29U3VL727;
				INFOPLIST_FILE = "iOS-Photo-Collection/Info.plist";
				LD_RUNPATH_SEARCH_PATHS = (
					"$(inherited)",
					"@executable_path/Frameworks",
				);
				PRODUCT_BUNDLE_IDENTIFIER = "vijaydas.iOS-Photo-Collection";
				PRODUCT_NAME = "$(TARGET_NAME)";
				SWIFT_VERSION = 4.2;
				TARGETED_DEVICE_FAMILY = "1,2";
			};
			name = Release;
		};
/* End XCBuildConfiguration section */

/* Begin XCConfigurationList section */
		272C582421EFC88800F4F29C /* Build configuration list for PBXProject "iOS-Photo-Collection" */ = {
			isa = XCConfigurationList;
			buildConfigurations = (
				272C583921EFC88900F4F29C /* Debug */,
				272C583A21EFC88900F4F29C /* Release */,
			);
			defaultConfigurationIsVisible = 0;
			defaultConfigurationName = Release;
		};
		272C583B21EFC88900F4F29C /* Build configuration list for PBXNativeTarget "iOS-Photo-Collection" */ = {
			isa = XCConfigurationList;
			buildConfigurations = (
				272C583C21EFC88900F4F29C /* Debug */,
				272C583D21EFC88900F4F29C /* Release */,
			);
			defaultConfigurationIsVisible = 0;
			defaultConfigurationName = Release;
		};
/* End XCConfigurationList section */
	};
	rootObject = 272C582121EFC88800F4F29C /* Project object */;
}
