// !$*UTF8*$!
{
	archiveVersion = 1;
	classes = {
	};
	objectVersion = 50;
	objects = {

/* Begin PBXBuildFile section */
		E0121F3423A25D940009203F /* AppDelegate.swift in Sources */ = {isa = PBXBuildFile; fileRef = E0121F3323A25D940009203F /* AppDelegate.swift */; };
		E0121F3623A25D950009203F /* SceneDelegate.swift in Sources */ = {isa = PBXBuildFile; fileRef = E0121F3523A25D950009203F /* SceneDelegate.swift */; };
		E0121F3B23A25D950009203F /* Main.storyboard in Resources */ = {isa = PBXBuildFile; fileRef = E0121F3923A25D950009203F /* Main.storyboard */; };
		E0121F3D23A25D970009203F /* Assets.xcassets in Resources */ = {isa = PBXBuildFile; fileRef = E0121F3C23A25D970009203F /* Assets.xcassets */; };
		E0121F4023A25D970009203F /* LaunchScreen.storyboard in Resources */ = {isa = PBXBuildFile; fileRef = E0121F3E23A25D970009203F /* LaunchScreen.storyboard */; };
		E0121F4823A25DAF0009203F /* Photo.swift in Sources */ = {isa = PBXBuildFile; fileRef = E0121F4723A25DAF0009203F /* Photo.swift */; };
		E0121F4D23A25EF50009203F /* PhotoController.swift in Sources */ = {isa = PBXBuildFile; fileRef = E0121F4C23A25EF50009203F /* PhotoController.swift */; };
		E0121F4F23A264B90009203F /* ThemeHelper.swift in Sources */ = {isa = PBXBuildFile; fileRef = E0121F4E23A264B90009203F /* ThemeHelper.swift */; };
		E0121F5223A269660009203F /* PhotosCollectionViewController.swift in Sources */ = {isa = PBXBuildFile; fileRef = E0121F5123A269660009203F /* PhotosCollectionViewController.swift */; };
		E0121F5423A26A3C0009203F /* PhotosCollectionViewCell.swift in Sources */ = {isa = PBXBuildFile; fileRef = E0121F5323A26A3C0009203F /* PhotosCollectionViewCell.swift */; };
		E0121F5623A26B660009203F /* PhotoDetailViewController.swift in Sources */ = {isa = PBXBuildFile; fileRef = E0121F5523A26B660009203F /* PhotoDetailViewController.swift */; };
		E0121F5823A26E1C0009203F /* ThemeSelectionViewController.swift in Sources */ = {isa = PBXBuildFile; fileRef = E0121F5723A26E1C0009203F /* ThemeSelectionViewController.swift */; };
/* End PBXBuildFile section */

/* Begin PBXFileReference section */
		E0121F3023A25D940009203F /* ios-Photo-Collection.app */ = {isa = PBXFileReference; explicitFileType = wrapper.application; includeInIndex = 0; path = "ios-Photo-Collection.app"; sourceTree = BUILT_PRODUCTS_DIR; };
		E0121F3323A25D940009203F /* AppDelegate.swift */ = {isa = PBXFileReference; lastKnownFileType = sourcecode.swift; path = AppDelegate.swift; sourceTree = "<group>"; };
		E0121F3523A25D950009203F /* SceneDelegate.swift */ = {isa = PBXFileReference; lastKnownFileType = sourcecode.swift; path = SceneDelegate.swift; sourceTree = "<group>"; };
		E0121F3A23A25D950009203F /* Base */ = {isa = PBXFileReference; lastKnownFileType = file.storyboard; name = Base; path = Base.lproj/Main.storyboard; sourceTree = "<group>"; };
		E0121F3C23A25D970009203F /* Assets.xcassets */ = {isa = PBXFileReference; lastKnownFileType = folder.assetcatalog; path = Assets.xcassets; sourceTree = "<group>"; };
		E0121F3F23A25D970009203F /* Base */ = {isa = PBXFileReference; lastKnownFileType = file.storyboard; name = Base; path = Base.lproj/LaunchScreen.storyboard; sourceTree = "<group>"; };
		E0121F4123A25D970009203F /* Info.plist */ = {isa = PBXFileReference; lastKnownFileType = text.plist.xml; path = Info.plist; sourceTree = "<group>"; };
		E0121F4723A25DAF0009203F /* Photo.swift */ = {isa = PBXFileReference; lastKnownFileType = sourcecode.swift; path = Photo.swift; sourceTree = "<group>"; };
		E0121F4C23A25EF50009203F /* PhotoController.swift */ = {isa = PBXFileReference; lastKnownFileType = sourcecode.swift; path = PhotoController.swift; sourceTree = "<group>"; };
		E0121F4E23A264B90009203F /* ThemeHelper.swift */ = {isa = PBXFileReference; lastKnownFileType = sourcecode.swift; path = ThemeHelper.swift; sourceTree = "<group>"; };
		E0121F5123A269660009203F /* PhotosCollectionViewController.swift */ = {isa = PBXFileReference; lastKnownFileType = sourcecode.swift; path = PhotosCollectionViewController.swift; sourceTree = "<group>"; };
		E0121F5323A26A3C0009203F /* PhotosCollectionViewCell.swift */ = {isa = PBXFileReference; lastKnownFileType = sourcecode.swift; path = PhotosCollectionViewCell.swift; sourceTree = "<group>"; };
		E0121F5523A26B660009203F /* PhotoDetailViewController.swift */ = {isa = PBXFileReference; lastKnownFileType = sourcecode.swift; path = PhotoDetailViewController.swift; sourceTree = "<group>"; };
		E0121F5723A26E1C0009203F /* ThemeSelectionViewController.swift */ = {isa = PBXFileReference; lastKnownFileType = sourcecode.swift; path = ThemeSelectionViewController.swift; sourceTree = "<group>"; };
/* End PBXFileReference section */

/* Begin PBXFrameworksBuildPhase section */
		E0121F2D23A25D940009203F /* Frameworks */ = {
			isa = PBXFrameworksBuildPhase;
			buildActionMask = 2147483647;
			files = (
			);
			runOnlyForDeploymentPostprocessing = 0;
		};
/* End PBXFrameworksBuildPhase section */

/* Begin PBXGroup section */
		E0121F2723A25D940009203F = {
			isa = PBXGroup;
			children = (
				E0121F3223A25D940009203F /* ios-Photo-Collection */,
				E0121F3123A25D940009203F /* Products */,
			);
			sourceTree = "<group>";
		};
		E0121F3123A25D940009203F /* Products */ = {
			isa = PBXGroup;
			children = (
				E0121F3023A25D940009203F /* ios-Photo-Collection.app */,
			);
			name = Products;
			sourceTree = "<group>";
		};
		E0121F3223A25D940009203F /* ios-Photo-Collection */ = {
			isa = PBXGroup;
			children = (
				E0121F4923A25EA30009203F /* Models */,
				E0121F4A23A25EAD0009203F /* Views */,
				E0121F4B23A25EB80009203F /* Controllers */,
				E0121F3323A25D940009203F /* AppDelegate.swift */,
				E0121F5023A264C70009203F /* Resources */,
				E0121F3523A25D950009203F /* SceneDelegate.swift */,
				E0121F3923A25D950009203F /* Main.storyboard */,
				E0121F3C23A25D970009203F /* Assets.xcassets */,
				E0121F3E23A25D970009203F /* LaunchScreen.storyboard */,
				E0121F4123A25D970009203F /* Info.plist */,
			);
			path = "ios-Photo-Collection";
			sourceTree = "<group>";
		};
		E0121F4923A25EA30009203F /* Models */ = {
			isa = PBXGroup;
			children = (
				E0121F4723A25DAF0009203F /* Photo.swift */,
			);
			path = Models;
			sourceTree = "<group>";
		};
		E0121F4A23A25EAD0009203F /* Views */ = {
			isa = PBXGroup;
			children = (
				E0121F5323A26A3C0009203F /* PhotosCollectionViewCell.swift */,
			);
			path = Views;
			sourceTree = "<group>";
		};
		E0121F4B23A25EB80009203F /* Controllers */ = {
			isa = PBXGroup;
			children = (
				E0121F4C23A25EF50009203F /* PhotoController.swift */,
				E0121F5123A269660009203F /* PhotosCollectionViewController.swift */,
				E0121F5523A26B660009203F /* PhotoDetailViewController.swift */,
				E0121F5723A26E1C0009203F /* ThemeSelectionViewController.swift */,
			);
			path = Controllers;
			sourceTree = "<group>";
		};
		E0121F5023A264C70009203F /* Resources */ = {
			isa = PBXGroup;
			children = (
				E0121F4E23A264B90009203F /* ThemeHelper.swift */,
			);
			path = Resources;
			sourceTree = "<group>";
		};
/* End PBXGroup section */

/* Begin PBXNativeTarget section */
		E0121F2F23A25D940009203F /* ios-Photo-Collection */ = {
			isa = PBXNativeTarget;
			buildConfigurationList = E0121F4423A25D970009203F /* Build configuration list for PBXNativeTarget "ios-Photo-Collection" */;
			buildPhases = (
				E0121F2C23A25D940009203F /* Sources */,
				E0121F2D23A25D940009203F /* Frameworks */,
				E0121F2E23A25D940009203F /* Resources */,
			);
			buildRules = (
			);
			dependencies = (
			);
			name = "ios-Photo-Collection";
			productName = "ios-Photo-Collection";
			productReference = E0121F3023A25D940009203F /* ios-Photo-Collection.app */;
			productType = "com.apple.product-type.application";
		};
/* End PBXNativeTarget section */

/* Begin PBXProject section */
		E0121F2823A25D940009203F /* Project object */ = {
			isa = PBXProject;
			attributes = {
				LastSwiftUpdateCheck = 1120;
				LastUpgradeCheck = 1120;
				ORGANIZATIONNAME = "Sal Amer";
				TargetAttributes = {
					E0121F2F23A25D940009203F = {
						CreatedOnToolsVersion = 11.2.1;
					};
				};
			};
			buildConfigurationList = E0121F2B23A25D940009203F /* Build configuration list for PBXProject "ios-Photo-Collection" */;
			compatibilityVersion = "Xcode 9.3";
			developmentRegion = en;
			hasScannedForEncodings = 0;
			knownRegions = (
				en,
				Base,
			);
			mainGroup = E0121F2723A25D940009203F;
			productRefGroup = E0121F3123A25D940009203F /* Products */;
			projectDirPath = "";
			projectRoot = "";
			targets = (
				E0121F2F23A25D940009203F /* ios-Photo-Collection */,
			);
		};
/* End PBXProject section */

/* Begin PBXResourcesBuildPhase section */
		E0121F2E23A25D940009203F /* Resources */ = {
			isa = PBXResourcesBuildPhase;
			buildActionMask = 2147483647;
			files = (
				E0121F4023A25D970009203F /* LaunchScreen.storyboard in Resources */,
				E0121F3D23A25D970009203F /* Assets.xcassets in Resources */,
				E0121F3B23A25D950009203F /* Main.storyboard in Resources */,
			);
			runOnlyForDeploymentPostprocessing = 0;
		};
/* End PBXResourcesBuildPhase section */

/* Begin PBXSourcesBuildPhase section */
		E0121F2C23A25D940009203F /* Sources */ = {
			isa = PBXSourcesBuildPhase;
			buildActionMask = 2147483647;
			files = (
				E0121F4D23A25EF50009203F /* PhotoController.swift in Sources */,
				E0121F4823A25DAF0009203F /* Photo.swift in Sources */,
				E0121F5223A269660009203F /* PhotosCollectionViewController.swift in Sources */,
				E0121F4F23A264B90009203F /* ThemeHelper.swift in Sources */,
				E0121F5823A26E1C0009203F /* ThemeSelectionViewController.swift in Sources */,
				E0121F5423A26A3C0009203F /* PhotosCollectionViewCell.swift in Sources */,
				E0121F5623A26B660009203F /* PhotoDetailViewController.swift in Sources */,
				E0121F3423A25D940009203F /* AppDelegate.swift in Sources */,
				E0121F3623A25D950009203F /* SceneDelegate.swift in Sources */,
			);
			runOnlyForDeploymentPostprocessing = 0;
		};
/* End PBXSourcesBuildPhase section */

/* Begin PBXVariantGroup section */
		E0121F3923A25D950009203F /* Main.storyboard */ = {
			isa = PBXVariantGroup;
			children = (
				E0121F3A23A25D950009203F /* Base */,
			);
			name = Main.storyboard;
			sourceTree = "<group>";
		};
		E0121F3E23A25D970009203F /* LaunchScreen.storyboard */ = {
			isa = PBXVariantGroup;
			children = (
				E0121F3F23A25D970009203F /* Base */,
			);
			name = LaunchScreen.storyboard;
			sourceTree = "<group>";
		};
/* End PBXVariantGroup section */

/* Begin XCBuildConfiguration section */
		E0121F4223A25D970009203F /* Debug */ = {
			isa = XCBuildConfiguration;
			buildSettings = {
				ALWAYS_SEARCH_USER_PATHS = NO;
				CLANG_ANALYZER_NONNULL = YES;
				CLANG_ANALYZER_NUMBER_OBJECT_CONVERSION = YES_AGGRESSIVE;
				CLANG_CXX_LANGUAGE_STANDARD = "gnu++14";
				CLANG_CXX_LIBRARY = "libc++";
				CLANG_ENABLE_MODULES = YES;
				CLANG_ENABLE_OBJC_ARC = YES;
				CLANG_ENABLE_OBJC_WEAK = YES;
				CLANG_WARN_BLOCK_CAPTURE_AUTORELEASING = YES;
				CLANG_WARN_BOOL_CONVERSION = YES;
				CLANG_WARN_COMMA = YES;
				CLANG_WARN_CONSTANT_CONVERSION = YES;
				CLANG_WARN_DEPRECATED_OBJC_IMPLEMENTATIONS = YES;
				CLANG_WARN_DIRECT_OBJC_ISA_USAGE = YES_ERROR;
				CLANG_WARN_DOCUMENTATION_COMMENTS = YES;
				CLANG_WARN_EMPTY_BODY = YES;
				CLANG_WARN_ENUM_CONVERSION = YES;
				CLANG_WARN_INFINITE_RECURSION = YES;
				CLANG_WARN_INT_CONVERSION = YES;
				CLANG_WARN_NON_LITERAL_NULL_CONVERSION = YES;
				CLANG_WARN_OBJC_IMPLICIT_RETAIN_SELF = YES;
				CLANG_WARN_OBJC_LITERAL_CONVERSION = YES;
				CLANG_WARN_OBJC_ROOT_CLASS = YES_ERROR;
				CLANG_WARN_RANGE_LOOP_ANALYSIS = YES;
				CLANG_WARN_STRICT_PROTOTYPES = YES;
				CLANG_WARN_SUSPICIOUS_MOVE = YES;
				CLANG_WARN_UNGUARDED_AVAILABILITY = YES_AGGRESSIVE;
				CLANG_WARN_UNREACHABLE_CODE = YES;
				CLANG_WARN__DUPLICATE_METHOD_MATCH = YES;
				COPY_PHASE_STRIP = NO;
				DEBUG_INFORMATION_FORMAT = dwarf;
				ENABLE_STRICT_OBJC_MSGSEND = YES;
				ENABLE_TESTABILITY = YES;
				GCC_C_LANGUAGE_STANDARD = gnu11;
				GCC_DYNAMIC_NO_PIC = NO;
				GCC_NO_COMMON_BLOCKS = YES;
				GCC_OPTIMIZATION_LEVEL = 0;
				GCC_PREPROCESSOR_DEFINITIONS = (
					"DEBUG=1",
					"$(inherited)",
				);
				GCC_WARN_64_TO_32_BIT_CONVERSION = YES;
				GCC_WARN_ABOUT_RETURN_TYPE = YES_ERROR;
				GCC_WARN_UNDECLARED_SELECTOR = YES;
				GCC_WARN_UNINITIALIZED_AUTOS = YES_AGGRESSIVE;
				GCC_WARN_UNUSED_FUNCTION = YES;
				GCC_WARN_UNUSED_VARIABLE = YES;
				IPHONEOS_DEPLOYMENT_TARGET = 13.2;
				MTL_ENABLE_DEBUG_INFO = INCLUDE_SOURCE;
				MTL_FAST_MATH = YES;
				ONLY_ACTIVE_ARCH = YES;
				SDKROOT = iphoneos;
				SWIFT_ACTIVE_COMPILATION_CONDITIONS = DEBUG;
				SWIFT_OPTIMIZATION_LEVEL = "-Onone";
			};
			name = Debug;
		};
		E0121F4323A25D970009203F /* Release */ = {
			isa = XCBuildConfiguration;
			buildSettings = {
				ALWAYS_SEARCH_USER_PATHS = NO;
				CLANG_ANALYZER_NONNULL = YES;
				CLANG_ANALYZER_NUMBER_OBJECT_CONVERSION = YES_AGGRESSIVE;
				CLANG_CXX_LANGUAGE_STANDARD = "gnu++14";
				CLANG_CXX_LIBRARY = "libc++";
				CLANG_ENABLE_MODULES = YES;
				CLANG_ENABLE_OBJC_ARC = YES;
				CLANG_ENABLE_OBJC_WEAK = YES;
				CLANG_WARN_BLOCK_CAPTURE_AUTORELEASING = YES;
				CLANG_WARN_BOOL_CONVERSION = YES;
				CLANG_WARN_COMMA = YES;
				CLANG_WARN_CONSTANT_CONVERSION = YES;
				CLANG_WARN_DEPRECATED_OBJC_IMPLEMENTATIONS = YES;
				CLANG_WARN_DIRECT_OBJC_ISA_USAGE = YES_ERROR;
				CLANG_WARN_DOCUMENTATION_COMMENTS = YES;
				CLANG_WARN_EMPTY_BODY = YES;
				CLANG_WARN_ENUM_CONVERSION = YES;
				CLANG_WARN_INFINITE_RECURSION = YES;
				CLANG_WARN_INT_CONVERSION = YES;
				CLANG_WARN_NON_LITERAL_NULL_CONVERSION = YES;
				CLANG_WARN_OBJC_IMPLICIT_RETAIN_SELF = YES;
				CLANG_WARN_OBJC_LITERAL_CONVERSION = YES;
				CLANG_WARN_OBJC_ROOT_CLASS = YES_ERROR;
				CLANG_WARN_RANGE_LOOP_ANALYSIS = YES;
				CLANG_WARN_STRICT_PROTOTYPES = YES;
				CLANG_WARN_SUSPICIOUS_MOVE = YES;
				CLANG_WARN_UNGUARDED_AVAILABILITY = YES_AGGRESSIVE;
				CLANG_WARN_UNREACHABLE_CODE = YES;
				CLANG_WARN__DUPLICATE_METHOD_MATCH = YES;
				COPY_PHASE_STRIP = NO;
				DEBUG_INFORMATION_FORMAT = "dwarf-with-dsym";
				ENABLE_NS_ASSERTIONS = NO;
				ENABLE_STRICT_OBJC_MSGSEND = YES;
				GCC_C_LANGUAGE_STANDARD = gnu11;
				GCC_NO_COMMON_BLOCKS = YES;
				GCC_WARN_64_TO_32_BIT_CONVERSION = YES;
				GCC_WARN_ABOUT_RETURN_TYPE = YES_ERROR;
				GCC_WARN_UNDECLARED_SELECTOR = YES;
				GCC_WARN_UNINITIALIZED_AUTOS = YES_AGGRESSIVE;
				GCC_WARN_UNUSED_FUNCTION = YES;
				GCC_WARN_UNUSED_VARIABLE = YES;
				IPHONEOS_DEPLOYMENT_TARGET = 13.2;
				MTL_ENABLE_DEBUG_INFO = NO;
				MTL_FAST_MATH = YES;
				SDKROOT = iphoneos;
				SWIFT_COMPILATION_MODE = wholemodule;
				SWIFT_OPTIMIZATION_LEVEL = "-O";
				VALIDATE_PRODUCT = YES;
			};
			name = Release;
		};
		E0121F4523A25D970009203F /* Debug */ = {
			isa = XCBuildConfiguration;
			buildSettings = {
				ASSETCATALOG_COMPILER_APPICON_NAME = AppIcon;
				CODE_SIGN_STYLE = Automatic;
				INFOPLIST_FILE = "ios-Photo-Collection/Info.plist";
				LD_RUNPATH_SEARCH_PATHS = (
					"$(inherited)",
					"@executable_path/Frameworks",
				);
				PRODUCT_BUNDLE_IDENTIFIER = "sal.amer.ios-Photo-Collection";
				PRODUCT_NAME = "$(TARGET_NAME)";
				SWIFT_VERSION = 5.0;
				TARGETED_DEVICE_FAMILY = "1,2";
			};
			name = Debug;
		};
		E0121F4623A25D970009203F /* Release */ = {
			isa = XCBuildConfiguration;
			buildSettings = {
				ASSETCATALOG_COMPILER_APPICON_NAME = AppIcon;
				CODE_SIGN_STYLE = Automatic;
				INFOPLIST_FILE = "ios-Photo-Collection/Info.plist";
				LD_RUNPATH_SEARCH_PATHS = (
					"$(inherited)",
					"@executable_path/Frameworks",
				);
				PRODUCT_BUNDLE_IDENTIFIER = "sal.amer.ios-Photo-Collection";
				PRODUCT_NAME = "$(TARGET_NAME)";
				SWIFT_VERSION = 5.0;
				TARGETED_DEVICE_FAMILY = "1,2";
			};
			name = Release;
		};
/* End XCBuildConfiguration section */

/* Begin XCConfigurationList section */
		E0121F2B23A25D940009203F /* Build configuration list for PBXProject "ios-Photo-Collection" */ = {
			isa = XCConfigurationList;
			buildConfigurations = (
				E0121F4223A25D970009203F /* Debug */,
				E0121F4323A25D970009203F /* Release */,
			);
			defaultConfigurationIsVisible = 0;
			defaultConfigurationName = Release;
		};
		E0121F4423A25D970009203F /* Build configuration list for PBXNativeTarget "ios-Photo-Collection" */ = {
			isa = XCConfigurationList;
			buildConfigurations = (
				E0121F4523A25D970009203F /* Debug */,
				E0121F4623A25D970009203F /* Release */,
			);
			defaultConfigurationIsVisible = 0;
			defaultConfigurationName = Release;
		};
/* End XCConfigurationList section */
	};
	rootObject = E0121F2823A25D940009203F /* Project object */;
}
