// !$*UTF8*$!
{
	archiveVersion = 1;
	classes = {
	};
	objectVersion = 50;
	objects = {

/* Begin PBXBuildFile section */
		995436FF2358F99E0077CC87 /* AppDelegate.swift in Sources */ = {isa = PBXBuildFile; fileRef = 995436FE2358F99E0077CC87 /* AppDelegate.swift */; };
		995437012358F99E0077CC87 /* SceneDelegate.swift in Sources */ = {isa = PBXBuildFile; fileRef = 995437002358F99E0077CC87 /* SceneDelegate.swift */; };
		995437032358F99E0077CC87 /* PhotoDetailViewController.swift in Sources */ = {isa = PBXBuildFile; fileRef = 995437022358F99E0077CC87 /* PhotoDetailViewController.swift */; };
		995437062358F99E0077CC87 /* Main.storyboard in Resources */ = {isa = PBXBuildFile; fileRef = 995437042358F99E0077CC87 /* Main.storyboard */; };
		995437082358F9A00077CC87 /* Assets.xcassets in Resources */ = {isa = PBXBuildFile; fileRef = 995437072358F9A00077CC87 /* Assets.xcassets */; };
		9954370B2358F9A00077CC87 /* LaunchScreen.storyboard in Resources */ = {isa = PBXBuildFile; fileRef = 995437092358F9A00077CC87 /* LaunchScreen.storyboard */; };
		995437132358FA2A0077CC87 /* Photo.swift in Sources */ = {isa = PBXBuildFile; fileRef = 995437122358FA2A0077CC87 /* Photo.swift */; };
		995437162358FA810077CC87 /* PhotoController.swift in Sources */ = {isa = PBXBuildFile; fileRef = 995437152358FA810077CC87 /* PhotoController.swift */; };
		99BA1B852358FCDE00E95881 /* ThemeHelper.swift in Sources */ = {isa = PBXBuildFile; fileRef = 99BA1B842358FCDE00E95881 /* ThemeHelper.swift */; };
		99BA1B87235900A600E95881 /* PhotosCollectionViewController.swift in Sources */ = {isa = PBXBuildFile; fileRef = 99BA1B86235900A600E95881 /* PhotosCollectionViewController.swift */; };
		99BA1B8A2359018800E95881 /* PhotosCollectionViewCell.swift in Sources */ = {isa = PBXBuildFile; fileRef = 99BA1B892359018800E95881 /* PhotosCollectionViewCell.swift */; };
/* End PBXBuildFile section */

/* Begin PBXFileReference section */
		995436FB2358F99E0077CC87 /* Photo Collection.app */ = {isa = PBXFileReference; explicitFileType = wrapper.application; includeInIndex = 0; path = "Photo Collection.app"; sourceTree = BUILT_PRODUCTS_DIR; };
		995436FE2358F99E0077CC87 /* AppDelegate.swift */ = {isa = PBXFileReference; lastKnownFileType = sourcecode.swift; path = AppDelegate.swift; sourceTree = "<group>"; };
		995437002358F99E0077CC87 /* SceneDelegate.swift */ = {isa = PBXFileReference; lastKnownFileType = sourcecode.swift; path = SceneDelegate.swift; sourceTree = "<group>"; };
		995437022358F99E0077CC87 /* PhotoDetailViewController.swift */ = {isa = PBXFileReference; lastKnownFileType = sourcecode.swift; path = PhotoDetailViewController.swift; sourceTree = "<group>"; };
		995437052358F99E0077CC87 /* Base */ = {isa = PBXFileReference; lastKnownFileType = file.storyboard; name = Base; path = Base.lproj/Main.storyboard; sourceTree = "<group>"; };
		995437072358F9A00077CC87 /* Assets.xcassets */ = {isa = PBXFileReference; lastKnownFileType = folder.assetcatalog; path = Assets.xcassets; sourceTree = "<group>"; };
		9954370A2358F9A00077CC87 /* Base */ = {isa = PBXFileReference; lastKnownFileType = file.storyboard; name = Base; path = Base.lproj/LaunchScreen.storyboard; sourceTree = "<group>"; };
		9954370C2358F9A00077CC87 /* Info.plist */ = {isa = PBXFileReference; lastKnownFileType = text.plist.xml; path = Info.plist; sourceTree = "<group>"; };
		995437122358FA2A0077CC87 /* Photo.swift */ = {isa = PBXFileReference; lastKnownFileType = sourcecode.swift; path = Photo.swift; sourceTree = "<group>"; };
		995437152358FA810077CC87 /* PhotoController.swift */ = {isa = PBXFileReference; lastKnownFileType = sourcecode.swift; path = PhotoController.swift; sourceTree = "<group>"; };
		99BA1B842358FCDE00E95881 /* ThemeHelper.swift */ = {isa = PBXFileReference; lastKnownFileType = sourcecode.swift; path = ThemeHelper.swift; sourceTree = "<group>"; };
		99BA1B86235900A600E95881 /* PhotosCollectionViewController.swift */ = {isa = PBXFileReference; lastKnownFileType = sourcecode.swift; path = PhotosCollectionViewController.swift; sourceTree = "<group>"; };
		99BA1B892359018800E95881 /* PhotosCollectionViewCell.swift */ = {isa = PBXFileReference; lastKnownFileType = sourcecode.swift; path = PhotosCollectionViewCell.swift; sourceTree = "<group>"; };
/* End PBXFileReference section */

/* Begin PBXFrameworksBuildPhase section */
		995436F82358F99E0077CC87 /* Frameworks */ = {
			isa = PBXFrameworksBuildPhase;
			buildActionMask = 2147483647;
			files = (
			);
			runOnlyForDeploymentPostprocessing = 0;
		};
/* End PBXFrameworksBuildPhase section */

/* Begin PBXGroup section */
		995436F22358F99E0077CC87 = {
			isa = PBXGroup;
			children = (
				995436FD2358F99E0077CC87 /* Photo Collection */,
				995436FC2358F99E0077CC87 /* Products */,
			);
			sourceTree = "<group>";
		};
		995436FC2358F99E0077CC87 /* Products */ = {
			isa = PBXGroup;
			children = (
				995436FB2358F99E0077CC87 /* Photo Collection.app */,
			);
			name = Products;
			sourceTree = "<group>";
		};
		995436FD2358F99E0077CC87 /* Photo Collection */ = {
			isa = PBXGroup;
			children = (
				995437142358FA300077CC87 /* Models */,
				995437172358FA850077CC87 /* Model Controllers */,
				99BA1B8B2359018B00E95881 /* Views */,
				99BA1B88235900B000E95881 /* View Controllers */,
				995437182358FA930077CC87 /* Resources */,
				995436FE2358F99E0077CC87 /* AppDelegate.swift */,
				995437002358F99E0077CC87 /* SceneDelegate.swift */,
				9954370C2358F9A00077CC87 /* Info.plist */,
			);
			path = "Photo Collection";
			sourceTree = "<group>";
		};
		995437142358FA300077CC87 /* Models */ = {
			isa = PBXGroup;
			children = (
				995437122358FA2A0077CC87 /* Photo.swift */,
			);
			path = Models;
			sourceTree = "<group>";
		};
		995437172358FA850077CC87 /* Model Controllers */ = {
			isa = PBXGroup;
			children = (
				995437152358FA810077CC87 /* PhotoController.swift */,
			);
			path = "Model Controllers";
			sourceTree = "<group>";
		};
		995437182358FA930077CC87 /* Resources */ = {
			isa = PBXGroup;
			children = (
				995437042358F99E0077CC87 /* Main.storyboard */,
				995437092358F9A00077CC87 /* LaunchScreen.storyboard */,
				99BA1B842358FCDE00E95881 /* ThemeHelper.swift */,
				995437072358F9A00077CC87 /* Assets.xcassets */,
			);
			path = Resources;
			sourceTree = "<group>";
		};
		99BA1B88235900B000E95881 /* View Controllers */ = {
			isa = PBXGroup;
			children = (
				99BA1B86235900A600E95881 /* PhotosCollectionViewController.swift */,
				995437022358F99E0077CC87 /* PhotoDetailViewController.swift */,
			);
			path = "View Controllers";
			sourceTree = "<group>";
		};
		99BA1B8B2359018B00E95881 /* Views */ = {
			isa = PBXGroup;
			children = (
				99BA1B892359018800E95881 /* PhotosCollectionViewCell.swift */,
			);
			path = Views;
			sourceTree = "<group>";
		};
/* End PBXGroup section */

/* Begin PBXNativeTarget section */
		995436FA2358F99E0077CC87 /* Photo Collection */ = {
			isa = PBXNativeTarget;
			buildConfigurationList = 9954370F2358F9A00077CC87 /* Build configuration list for PBXNativeTarget "Photo Collection" */;
			buildPhases = (
				995436F72358F99E0077CC87 /* Sources */,
				995436F82358F99E0077CC87 /* Frameworks */,
				995436F92358F99E0077CC87 /* Resources */,
			);
			buildRules = (
			);
			dependencies = (
			);
			name = "Photo Collection";
			productName = "Photo Collection";
			productReference = 995436FB2358F99E0077CC87 /* Photo Collection.app */;
			productType = "com.apple.product-type.application";
		};
/* End PBXNativeTarget section */

/* Begin PBXProject section */
		995436F32358F99E0077CC87 /* Project object */ = {
			isa = PBXProject;
			attributes = {
				LastSwiftUpdateCheck = 1110;
				LastUpgradeCheck = 1110;
				ORGANIZATIONNAME = "Jon Bash";
				TargetAttributes = {
					995436FA2358F99E0077CC87 = {
						CreatedOnToolsVersion = 11.1;
					};
				};
			};
			buildConfigurationList = 995436F62358F99E0077CC87 /* Build configuration list for PBXProject "Photo Collection" */;
			compatibilityVersion = "Xcode 9.3";
			developmentRegion = en;
			hasScannedForEncodings = 0;
			knownRegions = (
				en,
				Base,
			);
			mainGroup = 995436F22358F99E0077CC87;
			productRefGroup = 995436FC2358F99E0077CC87 /* Products */;
			projectDirPath = "";
			projectRoot = "";
			targets = (
				995436FA2358F99E0077CC87 /* Photo Collection */,
			);
		};
/* End PBXProject section */

/* Begin PBXResourcesBuildPhase section */
		995436F92358F99E0077CC87 /* Resources */ = {
			isa = PBXResourcesBuildPhase;
			buildActionMask = 2147483647;
			files = (
				9954370B2358F9A00077CC87 /* LaunchScreen.storyboard in Resources */,
				995437082358F9A00077CC87 /* Assets.xcassets in Resources */,
				995437062358F99E0077CC87 /* Main.storyboard in Resources */,
			);
			runOnlyForDeploymentPostprocessing = 0;
		};
/* End PBXResourcesBuildPhase section */

/* Begin PBXSourcesBuildPhase section */
		995436F72358F99E0077CC87 /* Sources */ = {
			isa = PBXSourcesBuildPhase;
			buildActionMask = 2147483647;
			files = (
				995437162358FA810077CC87 /* PhotoController.swift in Sources */,
				995437132358FA2A0077CC87 /* Photo.swift in Sources */,
				995437032358F99E0077CC87 /* PhotoDetailViewController.swift in Sources */,
				99BA1B87235900A600E95881 /* PhotosCollectionViewController.swift in Sources */,
				99BA1B852358FCDE00E95881 /* ThemeHelper.swift in Sources */,
				99BA1B8A2359018800E95881 /* PhotosCollectionViewCell.swift in Sources */,
				995436FF2358F99E0077CC87 /* AppDelegate.swift in Sources */,
				995437012358F99E0077CC87 /* SceneDelegate.swift in Sources */,
			);
			runOnlyForDeploymentPostprocessing = 0;
		};
/* End PBXSourcesBuildPhase section */

/* Begin PBXVariantGroup section */
		995437042358F99E0077CC87 /* Main.storyboard */ = {
			isa = PBXVariantGroup;
			children = (
				995437052358F99E0077CC87 /* Base */,
			);
			name = Main.storyboard;
			sourceTree = "<group>";
		};
		995437092358F9A00077CC87 /* LaunchScreen.storyboard */ = {
			isa = PBXVariantGroup;
			children = (
				9954370A2358F9A00077CC87 /* Base */,
			);
			name = LaunchScreen.storyboard;
			sourceTree = "<group>";
		};
/* End PBXVariantGroup section */

/* Begin XCBuildConfiguration section */
		9954370D2358F9A00077CC87 /* Debug */ = {
			isa = XCBuildConfiguration;
			buildSettings = {
				ALWAYS_SEARCH_USER_PATHS = NO;
				CLANG_ANALYZER_NONNULL = YES;
				CLANG_ANALYZER_NUMBER_OBJECT_CONVERSION = YES_AGGRESSIVE;
				CLANG_CXX_LANGUAGE_STANDARD = "gnu++14";
				CLANG_CXX_LIBRARY = "libc++";
				CLANG_ENABLE_MODULES = YES;
				CLANG_ENABLE_OBJC_ARC = YES;
				CLANG_ENABLE_OBJC_WEAK = YES;
				CLANG_WARN_BLOCK_CAPTURE_AUTORELEASING = YES;
				CLANG_WARN_BOOL_CONVERSION = YES;
				CLANG_WARN_COMMA = YES;
				CLANG_WARN_CONSTANT_CONVERSION = YES;
				CLANG_WARN_DEPRECATED_OBJC_IMPLEMENTATIONS = YES;
				CLANG_WARN_DIRECT_OBJC_ISA_USAGE = YES_ERROR;
				CLANG_WARN_DOCUMENTATION_COMMENTS = YES;
				CLANG_WARN_EMPTY_BODY = YES;
				CLANG_WARN_ENUM_CONVERSION = YES;
				CLANG_WARN_INFINITE_RECURSION = YES;
				CLANG_WARN_INT_CONVERSION = YES;
				CLANG_WARN_NON_LITERAL_NULL_CONVERSION = YES;
				CLANG_WARN_OBJC_IMPLICIT_RETAIN_SELF = YES;
				CLANG_WARN_OBJC_LITERAL_CONVERSION = YES;
				CLANG_WARN_OBJC_ROOT_CLASS = YES_ERROR;
				CLANG_WARN_RANGE_LOOP_ANALYSIS = YES;
				CLANG_WARN_STRICT_PROTOTYPES = YES;
				CLANG_WARN_SUSPICIOUS_MOVE = YES;
				CLANG_WARN_UNGUARDED_AVAILABILITY = YES_AGGRESSIVE;
				CLANG_WARN_UNREACHABLE_CODE = YES;
				CLANG_WARN__DUPLICATE_METHOD_MATCH = YES;
				COPY_PHASE_STRIP = NO;
				DEBUG_INFORMATION_FORMAT = dwarf;
				ENABLE_STRICT_OBJC_MSGSEND = YES;
				ENABLE_TESTABILITY = YES;
				GCC_C_LANGUAGE_STANDARD = gnu11;
				GCC_DYNAMIC_NO_PIC = NO;
				GCC_NO_COMMON_BLOCKS = YES;
				GCC_OPTIMIZATION_LEVEL = 0;
				GCC_PREPROCESSOR_DEFINITIONS = (
					"DEBUG=1",
					"$(inherited)",
				);
				GCC_WARN_64_TO_32_BIT_CONVERSION = YES;
				GCC_WARN_ABOUT_RETURN_TYPE = YES_ERROR;
				GCC_WARN_UNDECLARED_SELECTOR = YES;
				GCC_WARN_UNINITIALIZED_AUTOS = YES_AGGRESSIVE;
				GCC_WARN_UNUSED_FUNCTION = YES;
				GCC_WARN_UNUSED_VARIABLE = YES;
				IPHONEOS_DEPLOYMENT_TARGET = 13.1;
				MTL_ENABLE_DEBUG_INFO = INCLUDE_SOURCE;
				MTL_FAST_MATH = YES;
				ONLY_ACTIVE_ARCH = YES;
				SDKROOT = iphoneos;
				SWIFT_ACTIVE_COMPILATION_CONDITIONS = DEBUG;
				SWIFT_OPTIMIZATION_LEVEL = "-Onone";
			};
			name = Debug;
		};
		9954370E2358F9A00077CC87 /* Release */ = {
			isa = XCBuildConfiguration;
			buildSettings = {
				ALWAYS_SEARCH_USER_PATHS = NO;
				CLANG_ANALYZER_NONNULL = YES;
				CLANG_ANALYZER_NUMBER_OBJECT_CONVERSION = YES_AGGRESSIVE;
				CLANG_CXX_LANGUAGE_STANDARD = "gnu++14";
				CLANG_CXX_LIBRARY = "libc++";
				CLANG_ENABLE_MODULES = YES;
				CLANG_ENABLE_OBJC_ARC = YES;
				CLANG_ENABLE_OBJC_WEAK = YES;
				CLANG_WARN_BLOCK_CAPTURE_AUTORELEASING = YES;
				CLANG_WARN_BOOL_CONVERSION = YES;
				CLANG_WARN_COMMA = YES;
				CLANG_WARN_CONSTANT_CONVERSION = YES;
				CLANG_WARN_DEPRECATED_OBJC_IMPLEMENTATIONS = YES;
				CLANG_WARN_DIRECT_OBJC_ISA_USAGE = YES_ERROR;
				CLANG_WARN_DOCUMENTATION_COMMENTS = YES;
				CLANG_WARN_EMPTY_BODY = YES;
				CLANG_WARN_ENUM_CONVERSION = YES;
				CLANG_WARN_INFINITE_RECURSION = YES;
				CLANG_WARN_INT_CONVERSION = YES;
				CLANG_WARN_NON_LITERAL_NULL_CONVERSION = YES;
				CLANG_WARN_OBJC_IMPLICIT_RETAIN_SELF = YES;
				CLANG_WARN_OBJC_LITERAL_CONVERSION = YES;
				CLANG_WARN_OBJC_ROOT_CLASS = YES_ERROR;
				CLANG_WARN_RANGE_LOOP_ANALYSIS = YES;
				CLANG_WARN_STRICT_PROTOTYPES = YES;
				CLANG_WARN_SUSPICIOUS_MOVE = YES;
				CLANG_WARN_UNGUARDED_AVAILABILITY = YES_AGGRESSIVE;
				CLANG_WARN_UNREACHABLE_CODE = YES;
				CLANG_WARN__DUPLICATE_METHOD_MATCH = YES;
				COPY_PHASE_STRIP = NO;
				DEBUG_INFORMATION_FORMAT = "dwarf-with-dsym";
				ENABLE_NS_ASSERTIONS = NO;
				ENABLE_STRICT_OBJC_MSGSEND = YES;
				GCC_C_LANGUAGE_STANDARD = gnu11;
				GCC_NO_COMMON_BLOCKS = YES;
				GCC_WARN_64_TO_32_BIT_CONVERSION = YES;
				GCC_WARN_ABOUT_RETURN_TYPE = YES_ERROR;
				GCC_WARN_UNDECLARED_SELECTOR = YES;
				GCC_WARN_UNINITIALIZED_AUTOS = YES_AGGRESSIVE;
				GCC_WARN_UNUSED_FUNCTION = YES;
				GCC_WARN_UNUSED_VARIABLE = YES;
				IPHONEOS_DEPLOYMENT_TARGET = 13.1;
				MTL_ENABLE_DEBUG_INFO = NO;
				MTL_FAST_MATH = YES;
				SDKROOT = iphoneos;
				SWIFT_COMPILATION_MODE = wholemodule;
				SWIFT_OPTIMIZATION_LEVEL = "-O";
				VALIDATE_PRODUCT = YES;
			};
			name = Release;
		};
		995437102358F9A00077CC87 /* Debug */ = {
			isa = XCBuildConfiguration;
			buildSettings = {
				ASSETCATALOG_COMPILER_APPICON_NAME = AppIcon;
				CODE_SIGN_STYLE = Automatic;
				DEVELOPMENT_TEAM = 22X3GA956P;
				INFOPLIST_FILE = "Photo Collection/Info.plist";
				LD_RUNPATH_SEARCH_PATHS = (
					"$(inherited)",
					"@executable_path/Frameworks",
				);
				PRODUCT_BUNDLE_IDENTIFIER = "com.jonbash.Photo-Collection";
				PRODUCT_NAME = "$(TARGET_NAME)";
				SWIFT_VERSION = 5.0;
				TARGETED_DEVICE_FAMILY = "1,2";
			};
			name = Debug;
		};
		995437112358F9A00077CC87 /* Release */ = {
			isa = XCBuildConfiguration;
			buildSettings = {
				ASSETCATALOG_COMPILER_APPICON_NAME = AppIcon;
				CODE_SIGN_STYLE = Automatic;
				DEVELOPMENT_TEAM = 22X3GA956P;
				INFOPLIST_FILE = "Photo Collection/Info.plist";
				LD_RUNPATH_SEARCH_PATHS = (
					"$(inherited)",
					"@executable_path/Frameworks",
				);
				PRODUCT_BUNDLE_IDENTIFIER = "com.jonbash.Photo-Collection";
				PRODUCT_NAME = "$(TARGET_NAME)";
				SWIFT_VERSION = 5.0;
				TARGETED_DEVICE_FAMILY = "1,2";
			};
			name = Release;
		};
/* End XCBuildConfiguration section */

/* Begin XCConfigurationList section */
		995436F62358F99E0077CC87 /* Build configuration list for PBXProject "Photo Collection" */ = {
			isa = XCConfigurationList;
			buildConfigurations = (
				9954370D2358F9A00077CC87 /* Debug */,
				9954370E2358F9A00077CC87 /* Release */,
			);
			defaultConfigurationIsVisible = 0;
			defaultConfigurationName = Release;
		};
		9954370F2358F9A00077CC87 /* Build configuration list for PBXNativeTarget "Photo Collection" */ = {
			isa = XCConfigurationList;
			buildConfigurations = (
				995437102358F9A00077CC87 /* Debug */,
				995437112358F9A00077CC87 /* Release */,
			);
			defaultConfigurationIsVisible = 0;
			defaultConfigurationName = Release;
		};
/* End XCConfigurationList section */
	};
	rootObject = 995436F32358F99E0077CC87 /* Project object */;
}
