// !$*UTF8*$!
{
	archiveVersion = 1;
	classes = {
	};
	objectVersion = 50;
	objects = {

/* Begin PBXBuildFile section */
		801FAC6723340A5C0091F2B7 /* AppDelegate.swift in Sources */ = {isa = PBXBuildFile; fileRef = 801FAC6623340A5C0091F2B7 /* AppDelegate.swift */; };
		801FAC6923340A5C0091F2B7 /* ViewController.swift in Sources */ = {isa = PBXBuildFile; fileRef = 801FAC6823340A5C0091F2B7 /* ViewController.swift */; };
		801FAC6C23340A5C0091F2B7 /* Main.storyboard in Resources */ = {isa = PBXBuildFile; fileRef = 801FAC6A23340A5C0091F2B7 /* Main.storyboard */; };
		801FAC6E23340A5E0091F2B7 /* Assets.xcassets in Resources */ = {isa = PBXBuildFile; fileRef = 801FAC6D23340A5E0091F2B7 /* Assets.xcassets */; };
		801FAC7123340A5E0091F2B7 /* LaunchScreen.storyboard in Resources */ = {isa = PBXBuildFile; fileRef = 801FAC6F23340A5E0091F2B7 /* LaunchScreen.storyboard */; };
		801FAC7A23340AAB0091F2B7 /* Photo.swift in Sources */ = {isa = PBXBuildFile; fileRef = 801FAC7923340AAB0091F2B7 /* Photo.swift */; };
		801FAC7E23340B430091F2B7 /* PhotoController.swift in Sources */ = {isa = PBXBuildFile; fileRef = 801FAC7D23340B430091F2B7 /* PhotoController.swift */; };
		801FAC8423340DC60091F2B7 /* ThemeHelper.swift in Sources */ = {isa = PBXBuildFile; fileRef = 801FAC8323340DC60091F2B7 /* ThemeHelper.swift */; };
/* End PBXBuildFile section */

/* Begin PBXFileReference section */
		801FAC6323340A5C0091F2B7 /* Photo Collection.app */ = {isa = PBXFileReference; explicitFileType = wrapper.application; includeInIndex = 0; path = "Photo Collection.app"; sourceTree = BUILT_PRODUCTS_DIR; };
		801FAC6623340A5C0091F2B7 /* AppDelegate.swift */ = {isa = PBXFileReference; lastKnownFileType = sourcecode.swift; path = AppDelegate.swift; sourceTree = "<group>"; };
		801FAC6823340A5C0091F2B7 /* ViewController.swift */ = {isa = PBXFileReference; lastKnownFileType = sourcecode.swift; path = ViewController.swift; sourceTree = "<group>"; };
		801FAC6B23340A5C0091F2B7 /* Base */ = {isa = PBXFileReference; lastKnownFileType = file.storyboard; name = Base; path = Base.lproj/Main.storyboard; sourceTree = "<group>"; };
		801FAC6D23340A5E0091F2B7 /* Assets.xcassets */ = {isa = PBXFileReference; lastKnownFileType = folder.assetcatalog; path = Assets.xcassets; sourceTree = "<group>"; };
		801FAC7023340A5E0091F2B7 /* Base */ = {isa = PBXFileReference; lastKnownFileType = file.storyboard; name = Base; path = Base.lproj/LaunchScreen.storyboard; sourceTree = "<group>"; };
		801FAC7223340A5E0091F2B7 /* Info.plist */ = {isa = PBXFileReference; lastKnownFileType = text.plist.xml; path = Info.plist; sourceTree = "<group>"; };
		801FAC7923340AAB0091F2B7 /* Photo.swift */ = {isa = PBXFileReference; lastKnownFileType = sourcecode.swift; path = Photo.swift; sourceTree = "<group>"; };
		801FAC7D23340B430091F2B7 /* PhotoController.swift */ = {isa = PBXFileReference; lastKnownFileType = sourcecode.swift; path = PhotoController.swift; sourceTree = "<group>"; };
		801FAC8323340DC60091F2B7 /* ThemeHelper.swift */ = {isa = PBXFileReference; lastKnownFileType = sourcecode.swift; path = ThemeHelper.swift; sourceTree = "<group>"; };
/* End PBXFileReference section */

/* Begin PBXFrameworksBuildPhase section */
		801FAC6023340A5C0091F2B7 /* Frameworks */ = {
			isa = PBXFrameworksBuildPhase;
			buildActionMask = 2147483647;
			files = (
			);
			runOnlyForDeploymentPostprocessing = 0;
		};
/* End PBXFrameworksBuildPhase section */

/* Begin PBXGroup section */
		801FAC5A23340A5C0091F2B7 = {
			isa = PBXGroup;
			children = (
				801FAC6523340A5C0091F2B7 /* Photo Collection */,
				801FAC6423340A5C0091F2B7 /* Products */,
			);
			sourceTree = "<group>";
		};
		801FAC6423340A5C0091F2B7 /* Products */ = {
			isa = PBXGroup;
			children = (
				801FAC6323340A5C0091F2B7 /* Photo Collection.app */,
			);
			name = Products;
			sourceTree = "<group>";
		};
		801FAC6523340A5C0091F2B7 /* Photo Collection */ = {
			isa = PBXGroup;
			children = (
				801FAC6623340A5C0091F2B7 /* AppDelegate.swift */,
				801FAC7C23340ADE0091F2B7 /* View Controllers */,
				801FAC7B23340AB10091F2B7 /* Model */,
				801FAC7F23340B470091F2B7 /* Model Controller */,
				801FAC8523340DCA0091F2B7 /* Helpers */,
				801FAC7823340A990091F2B7 /* Resources */,
			);
			path = "Photo Collection";
			sourceTree = "<group>";
		};
		801FAC7823340A990091F2B7 /* Resources */ = {
			isa = PBXGroup;
			children = (
				801FAC6A23340A5C0091F2B7 /* Main.storyboard */,
				801FAC6D23340A5E0091F2B7 /* Assets.xcassets */,
				801FAC6F23340A5E0091F2B7 /* LaunchScreen.storyboard */,
				801FAC7223340A5E0091F2B7 /* Info.plist */,
			);
			path = Resources;
			sourceTree = "<group>";
		};
		801FAC7B23340AB10091F2B7 /* Model */ = {
			isa = PBXGroup;
			children = (
				801FAC7923340AAB0091F2B7 /* Photo.swift */,
			);
			path = Model;
			sourceTree = "<group>";
		};
		801FAC7C23340ADE0091F2B7 /* View Controllers */ = {
			isa = PBXGroup;
			children = (
				801FAC6823340A5C0091F2B7 /* ViewController.swift */,
			);
			path = "View Controllers";
			sourceTree = "<group>";
		};
		801FAC7F23340B470091F2B7 /* Model Controller */ = {
			isa = PBXGroup;
			children = (
				801FAC7D23340B430091F2B7 /* PhotoController.swift */,
			);
			path = "Model Controller";
			sourceTree = "<group>";
		};
		801FAC8523340DCA0091F2B7 /* Helpers */ = {
			isa = PBXGroup;
			children = (
				801FAC8323340DC60091F2B7 /* ThemeHelper.swift */,
			);
			path = Helpers;
			sourceTree = "<group>";
		};
/* End PBXGroup section */

/* Begin PBXNativeTarget section */
		801FAC6223340A5C0091F2B7 /* Photo Collection */ = {
			isa = PBXNativeTarget;
			buildConfigurationList = 801FAC7523340A5E0091F2B7 /* Build configuration list for PBXNativeTarget "Photo Collection" */;
			buildPhases = (
				801FAC5F23340A5C0091F2B7 /* Sources */,
				801FAC6023340A5C0091F2B7 /* Frameworks */,
				801FAC6123340A5C0091F2B7 /* Resources */,
			);
			buildRules = (
			);
			dependencies = (
			);
			name = "Photo Collection";
			productName = "Photo Collection";
			productReference = 801FAC6323340A5C0091F2B7 /* Photo Collection.app */;
			productType = "com.apple.product-type.application";
		};
/* End PBXNativeTarget section */

/* Begin PBXProject section */
		801FAC5B23340A5C0091F2B7 /* Project object */ = {
			isa = PBXProject;
			attributes = {
				LastSwiftUpdateCheck = 1030;
				LastUpgradeCheck = 1030;
				ORGANIZATIONNAME = "Lambda School";
				TargetAttributes = {
					801FAC6223340A5C0091F2B7 = {
						CreatedOnToolsVersion = 10.3;
					};
				};
			};
			buildConfigurationList = 801FAC5E23340A5C0091F2B7 /* Build configuration list for PBXProject "Photo Collection" */;
			compatibilityVersion = "Xcode 9.3";
			developmentRegion = en;
			hasScannedForEncodings = 0;
			knownRegions = (
				en,
				Base,
			);
			mainGroup = 801FAC5A23340A5C0091F2B7;
			productRefGroup = 801FAC6423340A5C0091F2B7 /* Products */;
			projectDirPath = "";
			projectRoot = "";
			targets = (
				801FAC6223340A5C0091F2B7 /* Photo Collection */,
			);
		};
/* End PBXProject section */

/* Begin PBXResourcesBuildPhase section */
		801FAC6123340A5C0091F2B7 /* Resources */ = {
			isa = PBXResourcesBuildPhase;
			buildActionMask = 2147483647;
			files = (
				801FAC7123340A5E0091F2B7 /* LaunchScreen.storyboard in Resources */,
				801FAC6E23340A5E0091F2B7 /* Assets.xcassets in Resources */,
				801FAC6C23340A5C0091F2B7 /* Main.storyboard in Resources */,
			);
			runOnlyForDeploymentPostprocessing = 0;
		};
/* End PBXResourcesBuildPhase section */

/* Begin PBXSourcesBuildPhase section */
		801FAC5F23340A5C0091F2B7 /* Sources */ = {
			isa = PBXSourcesBuildPhase;
			buildActionMask = 2147483647;
			files = (
				801FAC7A23340AAB0091F2B7 /* Photo.swift in Sources */,
				801FAC6923340A5C0091F2B7 /* ViewController.swift in Sources */,
				801FAC7E23340B430091F2B7 /* PhotoController.swift in Sources */,
				801FAC8423340DC60091F2B7 /* ThemeHelper.swift in Sources */,
				801FAC6723340A5C0091F2B7 /* AppDelegate.swift in Sources */,
			);
			runOnlyForDeploymentPostprocessing = 0;
		};
/* End PBXSourcesBuildPhase section */

/* Begin PBXVariantGroup section */
		801FAC6A23340A5C0091F2B7 /* Main.storyboard */ = {
			isa = PBXVariantGroup;
			children = (
				801FAC6B23340A5C0091F2B7 /* Base */,
			);
			name = Main.storyboard;
			sourceTree = "<group>";
		};
		801FAC6F23340A5E0091F2B7 /* LaunchScreen.storyboard */ = {
			isa = PBXVariantGroup;
			children = (
				801FAC7023340A5E0091F2B7 /* Base */,
			);
			name = LaunchScreen.storyboard;
			sourceTree = "<group>";
		};
/* End PBXVariantGroup section */

/* Begin XCBuildConfiguration section */
		801FAC7323340A5E0091F2B7 /* Debug */ = {
			isa = XCBuildConfiguration;
			buildSettings = {
				ALWAYS_SEARCH_USER_PATHS = NO;
				CLANG_ANALYZER_NONNULL = YES;
				CLANG_ANALYZER_NUMBER_OBJECT_CONVERSION = YES_AGGRESSIVE;
				CLANG_CXX_LANGUAGE_STANDARD = "gnu++14";
				CLANG_CXX_LIBRARY = "libc++";
				CLANG_ENABLE_MODULES = YES;
				CLANG_ENABLE_OBJC_ARC = YES;
				CLANG_ENABLE_OBJC_WEAK = YES;
				CLANG_WARN_BLOCK_CAPTURE_AUTORELEASING = YES;
				CLANG_WARN_BOOL_CONVERSION = YES;
				CLANG_WARN_COMMA = YES;
				CLANG_WARN_CONSTANT_CONVERSION = YES;
				CLANG_WARN_DEPRECATED_OBJC_IMPLEMENTATIONS = YES;
				CLANG_WARN_DIRECT_OBJC_ISA_USAGE = YES_ERROR;
				CLANG_WARN_DOCUMENTATION_COMMENTS = YES;
				CLANG_WARN_EMPTY_BODY = YES;
				CLANG_WARN_ENUM_CONVERSION = YES;
				CLANG_WARN_INFINITE_RECURSION = YES;
				CLANG_WARN_INT_CONVERSION = YES;
				CLANG_WARN_NON_LITERAL_NULL_CONVERSION = YES;
				CLANG_WARN_OBJC_IMPLICIT_RETAIN_SELF = YES;
				CLANG_WARN_OBJC_LITERAL_CONVERSION = YES;
				CLANG_WARN_OBJC_ROOT_CLASS = YES_ERROR;
				CLANG_WARN_RANGE_LOOP_ANALYSIS = YES;
				CLANG_WARN_STRICT_PROTOTYPES = YES;
				CLANG_WARN_SUSPICIOUS_MOVE = YES;
				CLANG_WARN_UNGUARDED_AVAILABILITY = YES_AGGRESSIVE;
				CLANG_WARN_UNREACHABLE_CODE = YES;
				CLANG_WARN__DUPLICATE_METHOD_MATCH = YES;
				CODE_SIGN_IDENTITY = "iPhone Developer";
				COPY_PHASE_STRIP = NO;
				DEBUG_INFORMATION_FORMAT = dwarf;
				ENABLE_STRICT_OBJC_MSGSEND = YES;
				ENABLE_TESTABILITY = YES;
				GCC_C_LANGUAGE_STANDARD = gnu11;
				GCC_DYNAMIC_NO_PIC = NO;
				GCC_NO_COMMON_BLOCKS = YES;
				GCC_OPTIMIZATION_LEVEL = 0;
				GCC_PREPROCESSOR_DEFINITIONS = (
					"DEBUG=1",
					"$(inherited)",
				);
				GCC_WARN_64_TO_32_BIT_CONVERSION = YES;
				GCC_WARN_ABOUT_RETURN_TYPE = YES_ERROR;
				GCC_WARN_UNDECLARED_SELECTOR = YES;
				GCC_WARN_UNINITIALIZED_AUTOS = YES_AGGRESSIVE;
				GCC_WARN_UNUSED_FUNCTION = YES;
				GCC_WARN_UNUSED_VARIABLE = YES;
				IPHONEOS_DEPLOYMENT_TARGET = 12.4;
				MTL_ENABLE_DEBUG_INFO = INCLUDE_SOURCE;
				MTL_FAST_MATH = YES;
				ONLY_ACTIVE_ARCH = YES;
				SDKROOT = iphoneos;
				SWIFT_ACTIVE_COMPILATION_CONDITIONS = DEBUG;
				SWIFT_OPTIMIZATION_LEVEL = "-Onone";
			};
			name = Debug;
		};
		801FAC7423340A5E0091F2B7 /* Release */ = {
			isa = XCBuildConfiguration;
			buildSettings = {
				ALWAYS_SEARCH_USER_PATHS = NO;
				CLANG_ANALYZER_NONNULL = YES;
				CLANG_ANALYZER_NUMBER_OBJECT_CONVERSION = YES_AGGRESSIVE;
				CLANG_CXX_LANGUAGE_STANDARD = "gnu++14";
				CLANG_CXX_LIBRARY = "libc++";
				CLANG_ENABLE_MODULES = YES;
				CLANG_ENABLE_OBJC_ARC = YES;
				CLANG_ENABLE_OBJC_WEAK = YES;
				CLANG_WARN_BLOCK_CAPTURE_AUTORELEASING = YES;
				CLANG_WARN_BOOL_CONVERSION = YES;
				CLANG_WARN_COMMA = YES;
				CLANG_WARN_CONSTANT_CONVERSION = YES;
				CLANG_WARN_DEPRECATED_OBJC_IMPLEMENTATIONS = YES;
				CLANG_WARN_DIRECT_OBJC_ISA_USAGE = YES_ERROR;
				CLANG_WARN_DOCUMENTATION_COMMENTS = YES;
				CLANG_WARN_EMPTY_BODY = YES;
				CLANG_WARN_ENUM_CONVERSION = YES;
				CLANG_WARN_INFINITE_RECURSION = YES;
				CLANG_WARN_INT_CONVERSION = YES;
				CLANG_WARN_NON_LITERAL_NULL_CONVERSION = YES;
				CLANG_WARN_OBJC_IMPLICIT_RETAIN_SELF = YES;
				CLANG_WARN_OBJC_LITERAL_CONVERSION = YES;
				CLANG_WARN_OBJC_ROOT_CLASS = YES_ERROR;
				CLANG_WARN_RANGE_LOOP_ANALYSIS = YES;
				CLANG_WARN_STRICT_PROTOTYPES = YES;
				CLANG_WARN_SUSPICIOUS_MOVE = YES;
				CLANG_WARN_UNGUARDED_AVAILABILITY = YES_AGGRESSIVE;
				CLANG_WARN_UNREACHABLE_CODE = YES;
				CLANG_WARN__DUPLICATE_METHOD_MATCH = YES;
				CODE_SIGN_IDENTITY = "iPhone Developer";
				COPY_PHASE_STRIP = NO;
				DEBUG_INFORMATION_FORMAT = "dwarf-with-dsym";
				ENABLE_NS_ASSERTIONS = NO;
				ENABLE_STRICT_OBJC_MSGSEND = YES;
				GCC_C_LANGUAGE_STANDARD = gnu11;
				GCC_NO_COMMON_BLOCKS = YES;
				GCC_WARN_64_TO_32_BIT_CONVERSION = YES;
				GCC_WARN_ABOUT_RETURN_TYPE = YES_ERROR;
				GCC_WARN_UNDECLARED_SELECTOR = YES;
				GCC_WARN_UNINITIALIZED_AUTOS = YES_AGGRESSIVE;
				GCC_WARN_UNUSED_FUNCTION = YES;
				GCC_WARN_UNUSED_VARIABLE = YES;
				IPHONEOS_DEPLOYMENT_TARGET = 12.4;
				MTL_ENABLE_DEBUG_INFO = NO;
				MTL_FAST_MATH = YES;
				SDKROOT = iphoneos;
				SWIFT_COMPILATION_MODE = wholemodule;
				SWIFT_OPTIMIZATION_LEVEL = "-O";
				VALIDATE_PRODUCT = YES;
			};
			name = Release;
		};
		801FAC7623340A5E0091F2B7 /* Debug */ = {
			isa = XCBuildConfiguration;
			buildSettings = {
				ASSETCATALOG_COMPILER_APPICON_NAME = AppIcon;
				CODE_SIGN_STYLE = Automatic;
				INFOPLIST_FILE = "Photo Collection/Info.plist";
				LD_RUNPATH_SEARCH_PATHS = (
					"$(inherited)",
					"@executable_path/Frameworks",
				);
				PRODUCT_BUNDLE_IDENTIFIER = "com.lambdaschool.Photo-Collection";
				PRODUCT_NAME = "$(TARGET_NAME)";
				SWIFT_VERSION = 5.0;
				TARGETED_DEVICE_FAMILY = "1,2";
			};
			name = Debug;
		};
		801FAC7723340A5E0091F2B7 /* Release */ = {
			isa = XCBuildConfiguration;
			buildSettings = {
				ASSETCATALOG_COMPILER_APPICON_NAME = AppIcon;
				CODE_SIGN_STYLE = Automatic;
				INFOPLIST_FILE = "Photo Collection/Info.plist";
				LD_RUNPATH_SEARCH_PATHS = (
					"$(inherited)",
					"@executable_path/Frameworks",
				);
				PRODUCT_BUNDLE_IDENTIFIER = "com.lambdaschool.Photo-Collection";
				PRODUCT_NAME = "$(TARGET_NAME)";
				SWIFT_VERSION = 5.0;
				TARGETED_DEVICE_FAMILY = "1,2";
			};
			name = Release;
		};
/* End XCBuildConfiguration section */

/* Begin XCConfigurationList section */
		801FAC5E23340A5C0091F2B7 /* Build configuration list for PBXProject "Photo Collection" */ = {
			isa = XCConfigurationList;
			buildConfigurations = (
				801FAC7323340A5E0091F2B7 /* Debug */,
				801FAC7423340A5E0091F2B7 /* Release */,
			);
			defaultConfigurationIsVisible = 0;
			defaultConfigurationName = Release;
		};
		801FAC7523340A5E0091F2B7 /* Build configuration list for PBXNativeTarget "Photo Collection" */ = {
			isa = XCConfigurationList;
			buildConfigurations = (
				801FAC7623340A5E0091F2B7 /* Debug */,
				801FAC7723340A5E0091F2B7 /* Release */,
			);
			defaultConfigurationIsVisible = 0;
			defaultConfigurationName = Release;
		};
/* End XCConfigurationList section */
	};
	rootObject = 801FAC5B23340A5C0091F2B7 /* Project object */;
}
