// !$*UTF8*$!
{
	archiveVersion = 1;
	classes = {
	};
	objectVersion = 50;
	objects = {

/* Begin PBXBuildFile section */
		1376ADC724085C720030F23E /* AppDelegate.swift in Sources */ = {isa = PBXBuildFile; fileRef = 1376ADC624085C720030F23E /* AppDelegate.swift */; };
		1376ADC924085C720030F23E /* SceneDelegate.swift in Sources */ = {isa = PBXBuildFile; fileRef = 1376ADC824085C720030F23E /* SceneDelegate.swift */; };
		1376ADCE24085C720030F23E /* Main.storyboard in Resources */ = {isa = PBXBuildFile; fileRef = 1376ADCC24085C720030F23E /* Main.storyboard */; };
		1376ADD024085C730030F23E /* Assets.xcassets in Resources */ = {isa = PBXBuildFile; fileRef = 1376ADCF24085C730030F23E /* Assets.xcassets */; };
		1376ADD324085C730030F23E /* LaunchScreen.storyboard in Resources */ = {isa = PBXBuildFile; fileRef = 1376ADD124085C730030F23E /* LaunchScreen.storyboard */; };
		1376ADDB24085CC90030F23E /* Photo.swift in Sources */ = {isa = PBXBuildFile; fileRef = 1376ADDA24085CC90030F23E /* Photo.swift */; };
		1376ADDD24085D110030F23E /* PhotoController.swift in Sources */ = {isa = PBXBuildFile; fileRef = 1376ADDC24085D110030F23E /* PhotoController.swift */; };
		1376ADDF24085DA60030F23E /* ThemeHelper.swift in Sources */ = {isa = PBXBuildFile; fileRef = 1376ADDE24085DA60030F23E /* ThemeHelper.swift */; };
		1376ADE424085F9D0030F23E /* PhotoCollectionViewController.swift in Sources */ = {isa = PBXBuildFile; fileRef = 1376ADE324085F9D0030F23E /* PhotoCollectionViewController.swift */; };
		1376ADE6240860520030F23E /* PhotosCollectionViewCell.swift in Sources */ = {isa = PBXBuildFile; fileRef = 1376ADE5240860520030F23E /* PhotosCollectionViewCell.swift */; };
		1376ADE8240861370030F23E /* PhotoDetailViewController.swift in Sources */ = {isa = PBXBuildFile; fileRef = 1376ADE7240861370030F23E /* PhotoDetailViewController.swift */; };
		1376ADEA240863D70030F23E /* ThemeSelectionViewController.swift in Sources */ = {isa = PBXBuildFile; fileRef = 1376ADE9240863D70030F23E /* ThemeSelectionViewController.swift */; };
/* End PBXBuildFile section */

/* Begin PBXFileReference section */
		1376ADC324085C720030F23E /* Photo Collection.app */ = {isa = PBXFileReference; explicitFileType = wrapper.application; includeInIndex = 0; path = "Photo Collection.app"; sourceTree = BUILT_PRODUCTS_DIR; };
		1376ADC624085C720030F23E /* AppDelegate.swift */ = {isa = PBXFileReference; lastKnownFileType = sourcecode.swift; path = AppDelegate.swift; sourceTree = "<group>"; };
		1376ADC824085C720030F23E /* SceneDelegate.swift */ = {isa = PBXFileReference; lastKnownFileType = sourcecode.swift; path = SceneDelegate.swift; sourceTree = "<group>"; };
		1376ADCD24085C720030F23E /* Base */ = {isa = PBXFileReference; lastKnownFileType = file.storyboard; name = Base; path = Base.lproj/Main.storyboard; sourceTree = "<group>"; };
		1376ADCF24085C730030F23E /* Assets.xcassets */ = {isa = PBXFileReference; lastKnownFileType = folder.assetcatalog; path = Assets.xcassets; sourceTree = "<group>"; };
		1376ADD224085C730030F23E /* Base */ = {isa = PBXFileReference; lastKnownFileType = file.storyboard; name = Base; path = Base.lproj/LaunchScreen.storyboard; sourceTree = "<group>"; };
		1376ADD424085C730030F23E /* Info.plist */ = {isa = PBXFileReference; lastKnownFileType = text.plist.xml; path = Info.plist; sourceTree = "<group>"; };
		1376ADDA24085CC90030F23E /* Photo.swift */ = {isa = PBXFileReference; lastKnownFileType = sourcecode.swift; path = Photo.swift; sourceTree = "<group>"; };
		1376ADDC24085D110030F23E /* PhotoController.swift */ = {isa = PBXFileReference; lastKnownFileType = sourcecode.swift; path = PhotoController.swift; sourceTree = "<group>"; };
		1376ADDE24085DA60030F23E /* ThemeHelper.swift */ = {isa = PBXFileReference; lastKnownFileType = sourcecode.swift; path = ThemeHelper.swift; sourceTree = "<group>"; };
		1376ADE324085F9D0030F23E /* PhotoCollectionViewController.swift */ = {isa = PBXFileReference; lastKnownFileType = sourcecode.swift; path = PhotoCollectionViewController.swift; sourceTree = "<group>"; };
		1376ADE5240860520030F23E /* PhotosCollectionViewCell.swift */ = {isa = PBXFileReference; lastKnownFileType = sourcecode.swift; name = PhotosCollectionViewCell.swift; path = "Photo Collection/PhotosCollectionViewCell.swift"; sourceTree = SOURCE_ROOT; };
		1376ADE7240861370030F23E /* PhotoDetailViewController.swift */ = {isa = PBXFileReference; lastKnownFileType = sourcecode.swift; path = PhotoDetailViewController.swift; sourceTree = "<group>"; };
		1376ADE9240863D70030F23E /* ThemeSelectionViewController.swift */ = {isa = PBXFileReference; lastKnownFileType = sourcecode.swift; path = ThemeSelectionViewController.swift; sourceTree = "<group>"; };
/* End PBXFileReference section */

/* Begin PBXFrameworksBuildPhase section */
		1376ADC024085C720030F23E /* Frameworks */ = {
			isa = PBXFrameworksBuildPhase;
			buildActionMask = 2147483647;
			files = (
			);
			runOnlyForDeploymentPostprocessing = 0;
		};
/* End PBXFrameworksBuildPhase section */

/* Begin PBXGroup section */
		1376ADBA24085C720030F23E = {
			isa = PBXGroup;
			children = (
				1376ADC524085C720030F23E /* Photo Collection */,
				1376ADC424085C720030F23E /* Products */,
			);
			sourceTree = "<group>";
		};
		1376ADC424085C720030F23E /* Products */ = {
			isa = PBXGroup;
			children = (
				1376ADC324085C720030F23E /* Photo Collection.app */,
			);
			name = Products;
			sourceTree = "<group>";
		};
		1376ADC524085C720030F23E /* Photo Collection */ = {
			isa = PBXGroup;
			children = (
				1376ADE124085F050030F23E /* Model */,
				1376ADDC24085D110030F23E /* PhotoController.swift */,
				1376ADE324085F9D0030F23E /* PhotoCollectionViewController.swift */,
				1376ADDE24085DA60030F23E /* ThemeHelper.swift */,
				1376ADE5240860520030F23E /* PhotosCollectionViewCell.swift */,
				1376ADE7240861370030F23E /* PhotoDetailViewController.swift */,
				1376ADE9240863D70030F23E /* ThemeSelectionViewController.swift */,
				1376ADE224085F1D0030F23E /* Storyboards */,
				1376ADE024085ED50030F23E /* Resources */,
			);
			path = "Photo Collection";
			sourceTree = "<group>";
		};
		1376ADE024085ED50030F23E /* Resources */ = {
			isa = PBXGroup;
			children = (
				1376ADC624085C720030F23E /* AppDelegate.swift */,
				1376ADC824085C720030F23E /* SceneDelegate.swift */,
				1376ADCF24085C730030F23E /* Assets.xcassets */,
				1376ADD424085C730030F23E /* Info.plist */,
			);
			path = Resources;
			sourceTree = "<group>";
		};
		1376ADE124085F050030F23E /* Model */ = {
			isa = PBXGroup;
			children = (
				1376ADDA24085CC90030F23E /* Photo.swift */,
			);
			path = Model;
			sourceTree = "<group>";
		};
		1376ADE224085F1D0030F23E /* Storyboards */ = {
			isa = PBXGroup;
			children = (
				1376ADCC24085C720030F23E /* Main.storyboard */,
				1376ADD124085C730030F23E /* LaunchScreen.storyboard */,
			);
			path = Storyboards;
			sourceTree = "<group>";
		};
/* End PBXGroup section */

/* Begin PBXNativeTarget section */
		1376ADC224085C720030F23E /* Photo Collection */ = {
			isa = PBXNativeTarget;
			buildConfigurationList = 1376ADD724085C730030F23E /* Build configuration list for PBXNativeTarget "Photo Collection" */;
			buildPhases = (
				1376ADBF24085C720030F23E /* Sources */,
				1376ADC024085C720030F23E /* Frameworks */,
				1376ADC124085C720030F23E /* Resources */,
			);
			buildRules = (
			);
			dependencies = (
			);
			name = "Photo Collection";
			productName = "Photo Collection";
			productReference = 1376ADC324085C720030F23E /* Photo Collection.app */;
			productType = "com.apple.product-type.application";
		};
/* End PBXNativeTarget section */

/* Begin PBXProject section */
		1376ADBB24085C720030F23E /* Project object */ = {
			isa = PBXProject;
			attributes = {
				LastSwiftUpdateCheck = 1130;
				LastUpgradeCheck = 1130;
				ORGANIZATIONNAME = "Wyatt Harrell";
				TargetAttributes = {
					1376ADC224085C720030F23E = {
						CreatedOnToolsVersion = 11.3.1;
					};
				};
			};
			buildConfigurationList = 1376ADBE24085C720030F23E /* Build configuration list for PBXProject "Photo Collection" */;
			compatibilityVersion = "Xcode 9.3";
			developmentRegion = en;
			hasScannedForEncodings = 0;
			knownRegions = (
				en,
				Base,
			);
			mainGroup = 1376ADBA24085C720030F23E;
			productRefGroup = 1376ADC424085C720030F23E /* Products */;
			projectDirPath = "";
			projectRoot = "";
			targets = (
				1376ADC224085C720030F23E /* Photo Collection */,
			);
		};
/* End PBXProject section */

/* Begin PBXResourcesBuildPhase section */
		1376ADC124085C720030F23E /* Resources */ = {
			isa = PBXResourcesBuildPhase;
			buildActionMask = 2147483647;
			files = (
				1376ADD324085C730030F23E /* LaunchScreen.storyboard in Resources */,
				1376ADD024085C730030F23E /* Assets.xcassets in Resources */,
				1376ADCE24085C720030F23E /* Main.storyboard in Resources */,
			);
			runOnlyForDeploymentPostprocessing = 0;
		};
/* End PBXResourcesBuildPhase section */

/* Begin PBXSourcesBuildPhase section */
		1376ADBF24085C720030F23E /* Sources */ = {
			isa = PBXSourcesBuildPhase;
			buildActionMask = 2147483647;
			files = (
				1376ADDD24085D110030F23E /* PhotoController.swift in Sources */,
				1376ADE6240860520030F23E /* PhotosCollectionViewCell.swift in Sources */,
				1376ADE424085F9D0030F23E /* PhotoCollectionViewController.swift in Sources */,
				1376ADDB24085CC90030F23E /* Photo.swift in Sources */,
				1376ADDF24085DA60030F23E /* ThemeHelper.swift in Sources */,
				1376ADC724085C720030F23E /* AppDelegate.swift in Sources */,
				1376ADE8240861370030F23E /* PhotoDetailViewController.swift in Sources */,
				1376ADEA240863D70030F23E /* ThemeSelectionViewController.swift in Sources */,
				1376ADC924085C720030F23E /* SceneDelegate.swift in Sources */,
			);
			runOnlyForDeploymentPostprocessing = 0;
		};
/* End PBXSourcesBuildPhase section */

/* Begin PBXVariantGroup section */
		1376ADCC24085C720030F23E /* Main.storyboard */ = {
			isa = PBXVariantGroup;
			children = (
				1376ADCD24085C720030F23E /* Base */,
			);
			name = Main.storyboard;
			sourceTree = "<group>";
		};
		1376ADD124085C730030F23E /* LaunchScreen.storyboard */ = {
			isa = PBXVariantGroup;
			children = (
				1376ADD224085C730030F23E /* Base */,
			);
			name = LaunchScreen.storyboard;
			sourceTree = "<group>";
		};
/* End PBXVariantGroup section */

/* Begin XCBuildConfiguration section */
		1376ADD524085C730030F23E /* Debug */ = {
			isa = XCBuildConfiguration;
			buildSettings = {
				ALWAYS_SEARCH_USER_PATHS = NO;
				CLANG_ANALYZER_NONNULL = YES;
				CLANG_ANALYZER_NUMBER_OBJECT_CONVERSION = YES_AGGRESSIVE;
				CLANG_CXX_LANGUAGE_STANDARD = "gnu++14";
				CLANG_CXX_LIBRARY = "libc++";
				CLANG_ENABLE_MODULES = YES;
				CLANG_ENABLE_OBJC_ARC = YES;
				CLANG_ENABLE_OBJC_WEAK = YES;
				CLANG_WARN_BLOCK_CAPTURE_AUTORELEASING = YES;
				CLANG_WARN_BOOL_CONVERSION = YES;
				CLANG_WARN_COMMA = YES;
				CLANG_WARN_CONSTANT_CONVERSION = YES;
				CLANG_WARN_DEPRECATED_OBJC_IMPLEMENTATIONS = YES;
				CLANG_WARN_DIRECT_OBJC_ISA_USAGE = YES_ERROR;
				CLANG_WARN_DOCUMENTATION_COMMENTS = YES;
				CLANG_WARN_EMPTY_BODY = YES;
				CLANG_WARN_ENUM_CONVERSION = YES;
				CLANG_WARN_INFINITE_RECURSION = YES;
				CLANG_WARN_INT_CONVERSION = YES;
				CLANG_WARN_NON_LITERAL_NULL_CONVERSION = YES;
				CLANG_WARN_OBJC_IMPLICIT_RETAIN_SELF = YES;
				CLANG_WARN_OBJC_LITERAL_CONVERSION = YES;
				CLANG_WARN_OBJC_ROOT_CLASS = YES_ERROR;
				CLANG_WARN_RANGE_LOOP_ANALYSIS = YES;
				CLANG_WARN_STRICT_PROTOTYPES = YES;
				CLANG_WARN_SUSPICIOUS_MOVE = YES;
				CLANG_WARN_UNGUARDED_AVAILABILITY = YES_AGGRESSIVE;
				CLANG_WARN_UNREACHABLE_CODE = YES;
				CLANG_WARN__DUPLICATE_METHOD_MATCH = YES;
				COPY_PHASE_STRIP = NO;
				DEBUG_INFORMATION_FORMAT = dwarf;
				ENABLE_STRICT_OBJC_MSGSEND = YES;
				ENABLE_TESTABILITY = YES;
				GCC_C_LANGUAGE_STANDARD = gnu11;
				GCC_DYNAMIC_NO_PIC = NO;
				GCC_NO_COMMON_BLOCKS = YES;
				GCC_OPTIMIZATION_LEVEL = 0;
				GCC_PREPROCESSOR_DEFINITIONS = (
					"DEBUG=1",
					"$(inherited)",
				);
				GCC_WARN_64_TO_32_BIT_CONVERSION = YES;
				GCC_WARN_ABOUT_RETURN_TYPE = YES_ERROR;
				GCC_WARN_UNDECLARED_SELECTOR = YES;
				GCC_WARN_UNINITIALIZED_AUTOS = YES_AGGRESSIVE;
				GCC_WARN_UNUSED_FUNCTION = YES;
				GCC_WARN_UNUSED_VARIABLE = YES;
				IPHONEOS_DEPLOYMENT_TARGET = 13.2;
				MTL_ENABLE_DEBUG_INFO = INCLUDE_SOURCE;
				MTL_FAST_MATH = YES;
				ONLY_ACTIVE_ARCH = YES;
				SDKROOT = iphoneos;
				SWIFT_ACTIVE_COMPILATION_CONDITIONS = DEBUG;
				SWIFT_OPTIMIZATION_LEVEL = "-Onone";
			};
			name = Debug;
		};
		1376ADD624085C730030F23E /* Release */ = {
			isa = XCBuildConfiguration;
			buildSettings = {
				ALWAYS_SEARCH_USER_PATHS = NO;
				CLANG_ANALYZER_NONNULL = YES;
				CLANG_ANALYZER_NUMBER_OBJECT_CONVERSION = YES_AGGRESSIVE;
				CLANG_CXX_LANGUAGE_STANDARD = "gnu++14";
				CLANG_CXX_LIBRARY = "libc++";
				CLANG_ENABLE_MODULES = YES;
				CLANG_ENABLE_OBJC_ARC = YES;
				CLANG_ENABLE_OBJC_WEAK = YES;
				CLANG_WARN_BLOCK_CAPTURE_AUTORELEASING = YES;
				CLANG_WARN_BOOL_CONVERSION = YES;
				CLANG_WARN_COMMA = YES;
				CLANG_WARN_CONSTANT_CONVERSION = YES;
				CLANG_WARN_DEPRECATED_OBJC_IMPLEMENTATIONS = YES;
				CLANG_WARN_DIRECT_OBJC_ISA_USAGE = YES_ERROR;
				CLANG_WARN_DOCUMENTATION_COMMENTS = YES;
				CLANG_WARN_EMPTY_BODY = YES;
				CLANG_WARN_ENUM_CONVERSION = YES;
				CLANG_WARN_INFINITE_RECURSION = YES;
				CLANG_WARN_INT_CONVERSION = YES;
				CLANG_WARN_NON_LITERAL_NULL_CONVERSION = YES;
				CLANG_WARN_OBJC_IMPLICIT_RETAIN_SELF = YES;
				CLANG_WARN_OBJC_LITERAL_CONVERSION = YES;
				CLANG_WARN_OBJC_ROOT_CLASS = YES_ERROR;
				CLANG_WARN_RANGE_LOOP_ANALYSIS = YES;
				CLANG_WARN_STRICT_PROTOTYPES = YES;
				CLANG_WARN_SUSPICIOUS_MOVE = YES;
				CLANG_WARN_UNGUARDED_AVAILABILITY = YES_AGGRESSIVE;
				CLANG_WARN_UNREACHABLE_CODE = YES;
				CLANG_WARN__DUPLICATE_METHOD_MATCH = YES;
				COPY_PHASE_STRIP = NO;
				DEBUG_INFORMATION_FORMAT = "dwarf-with-dsym";
				ENABLE_NS_ASSERTIONS = NO;
				ENABLE_STRICT_OBJC_MSGSEND = YES;
				GCC_C_LANGUAGE_STANDARD = gnu11;
				GCC_NO_COMMON_BLOCKS = YES;
				GCC_WARN_64_TO_32_BIT_CONVERSION = YES;
				GCC_WARN_ABOUT_RETURN_TYPE = YES_ERROR;
				GCC_WARN_UNDECLARED_SELECTOR = YES;
				GCC_WARN_UNINITIALIZED_AUTOS = YES_AGGRESSIVE;
				GCC_WARN_UNUSED_FUNCTION = YES;
				GCC_WARN_UNUSED_VARIABLE = YES;
				IPHONEOS_DEPLOYMENT_TARGET = 13.2;
				MTL_ENABLE_DEBUG_INFO = NO;
				MTL_FAST_MATH = YES;
				SDKROOT = iphoneos;
				SWIFT_COMPILATION_MODE = wholemodule;
				SWIFT_OPTIMIZATION_LEVEL = "-O";
				VALIDATE_PRODUCT = YES;
			};
			name = Release;
		};
		1376ADD824085C730030F23E /* Debug */ = {
			isa = XCBuildConfiguration;
			buildSettings = {
				ASSETCATALOG_COMPILER_APPICON_NAME = AppIcon;
				CODE_SIGN_STYLE = Automatic;
				INFOPLIST_FILE = "Photo Collection/Resources/Info.plist";
				LD_RUNPATH_SEARCH_PATHS = (
					"$(inherited)",
					"@executable_path/Frameworks",
				);
				PRODUCT_BUNDLE_IDENTIFIER = "com.wyattharrell.Photo-Collection";
				PRODUCT_NAME = "$(TARGET_NAME)";
				SWIFT_VERSION = 5.0;
				TARGETED_DEVICE_FAMILY = "1,2";
			};
			name = Debug;
		};
		1376ADD924085C730030F23E /* Release */ = {
			isa = XCBuildConfiguration;
			buildSettings = {
				ASSETCATALOG_COMPILER_APPICON_NAME = AppIcon;
				CODE_SIGN_STYLE = Automatic;
				INFOPLIST_FILE = "Photo Collection/Resources/Info.plist";
				LD_RUNPATH_SEARCH_PATHS = (
					"$(inherited)",
					"@executable_path/Frameworks",
				);
				PRODUCT_BUNDLE_IDENTIFIER = "com.wyattharrell.Photo-Collection";
				PRODUCT_NAME = "$(TARGET_NAME)";
				SWIFT_VERSION = 5.0;
				TARGETED_DEVICE_FAMILY = "1,2";
			};
			name = Release;
		};
/* End XCBuildConfiguration section */

/* Begin XCConfigurationList section */
		1376ADBE24085C720030F23E /* Build configuration list for PBXProject "Photo Collection" */ = {
			isa = XCConfigurationList;
			buildConfigurations = (
				1376ADD524085C730030F23E /* Debug */,
				1376ADD624085C730030F23E /* Release */,
			);
			defaultConfigurationIsVisible = 0;
			defaultConfigurationName = Release;
		};
		1376ADD724085C730030F23E /* Build configuration list for PBXNativeTarget "Photo Collection" */ = {
			isa = XCConfigurationList;
			buildConfigurations = (
				1376ADD824085C730030F23E /* Debug */,
				1376ADD924085C730030F23E /* Release */,
			);
			defaultConfigurationIsVisible = 0;
			defaultConfigurationName = Release;
		};
/* End XCConfigurationList section */
	};
	rootObject = 1376ADBB24085C720030F23E /* Project object */;
}
